
Microsoft Visual Studio Solution File, Format Version 12.00
# Visual Studio Version 17
VisualStudioVersion = 17.0.32112.339
MinimumVisualStudioVersion = 10.0.40219.1
Project("{778DAE3C-4631-46EA-AA77-85C1314464D9}") = "Vblib", "Vblib14\Vblib.vbproj", "{50A21BBF-B091-4A5D-A414-4FA3205A6F1B}"
EndProject
Project("{778DAE3C-4631-46EA-AA77-85C1314464D9}") = "Vblib20", "Vblib20\Vblib20.vbproj", "{71879C10-C828-4E9D-A396-FA91FC1DD6C4}"
EndProject
Project("{F184B08F-C81C-45F6-A57F-5ABD9991F28F}") = "UWPappTel", "UWPappTel\UWPappTel.vbproj", "{7CE2A624-A0E0-4C1C-AF70-9317DD4FD9BE}"
EndProject
Project("{F184B08F-C81C-45F6-A57F-5ABD9991F28F}") = "UWPappDesktop", "UWPappDesktop\UWPappDesktop.vbproj", "{AE075E05-61DD-4140-B98E-148071A93C9D}"
EndProject
Project("{D954291E-2A0B-460D-934E-DC6B0785DB48}") = "UnoApp.Shared", "UnoApp\UnoApp.Shared\UnoApp.Shared.shproj", "{6279C845-92F8-4333-AB99-3D213163593C}"
EndProject
Project("{2150E333-8FDC-42A3-9474-1A3956D46DE8}") = "Platforms", "Platforms", "{7C86F030-7955-4834-A1C5-B92F8A7FAC2D}"
EndProject
Project("{FAE04EC0-301F-11D3-BF4B-00C04F79EFBC}") = "UnoApp.Droid", "UnoApp\UnoApp.Droid\UnoApp.Droid.csproj", "{F9ACF293-E486-4666-BF6A-9740ED726535}"
EndProject
Project("{FAE04EC0-301F-11D3-BF4B-00C04F79EFBC}") = "UnoApp.iOS", "UnoApp\UnoApp.iOS\UnoApp.iOS.csproj", "{7F50E085-0BB1-46C6-ABEB-4C4564711B1C}"
EndProject
Project("{FAE04EC0-301F-11D3-BF4B-00C04F79EFBC}") = "UnoApp.UWP", "UnoApp\UnoApp.UWP\UnoApp.UWP.csproj", "{51FAA4A4-74FD-4207-94B3-8BE6B2E060C2}"
EndProject
Project("{9A19103F-16F7-4668-BE54-9A1E7A4F7556}") = "UnoApp.Wasm", "UnoApp\UnoApp.Wasm\UnoApp.Wasm.csproj", "{645DD26F-CC33-4ACE-A563-CDBD0E0C7DC0}"
EndProject
Project("{FAE04EC0-301F-11D3-BF4B-00C04F79EFBC}") = "UnoApp.macOS", "UnoApp\UnoApp.macOS\UnoApp.macOS.csproj", "{F898E7BF-7937-4788-A8EB-45C773A54FB7}"
EndProject
Project("{9A19103F-16F7-4668-BE54-9A1E7A4F7556}") = "UnoApp.Skia.Wpf.Host", "UnoApp\UnoApp.Skia.Wpf.Host\UnoApp.Skia.Wpf.Host.csproj", "{E3E40EDB-DCB3-425C-A19E-DCE007D3063B}"
EndProject
Project("{9A19103F-16F7-4668-BE54-9A1E7A4F7556}") = "UnoApp.Skia.Wpf", "UnoApp\UnoApp.Skia.Wpf\UnoApp.Skia.Wpf.csproj", "{1D6E3B38-A07C-4A03-A787-CD6CE57F5BCE}"
EndProject
Project("{9A19103F-16F7-4668-BE54-9A1E7A4F7556}") = "UnoApp.Skia.Gtk", "UnoApp\UnoApp.Skia.Gtk\UnoApp.Skia.Gtk.csproj", "{3402675E-1E1D-4DDE-AD30-CEB640605C27}"
EndProject
Project("{9A19103F-16F7-4668-BE54-9A1E7A4F7556}") = "UnoApp.Skia.Tizen", "UnoApp\UnoApp.Skia.Tizen\UnoApp.Skia.Tizen.csproj", "{7934B1EA-A853-4BF6-8BFE-3108E24E4777}"
EndProject
Project("{9A19103F-16F7-4668-BE54-9A1E7A4F7556}") = "MauiApp1", "MauiApp1\MauiApp1.csproj", "{CBD58198-3C51-4660-BA03-026A73872AD7}"
EndProject
Project("{F184B08F-C81C-45F6-A57F-5ABD9991F28F}") = "Nuget-Configsy", "Nuget-Configsy\Nuget-Configsy.vbproj", "{D0C01B46-A5DD-4A56-8B66-86463DF02C0D}"
EndProject
Global
	GlobalSection(SolutionConfigurationPlatforms) = preSolution
		Ad-Hoc|Any CPU = Ad-Hoc|Any CPU
		Ad-Hoc|ARM = Ad-Hoc|ARM
		Ad-Hoc|ARM64 = Ad-Hoc|ARM64
		Ad-Hoc|iPhone = Ad-Hoc|iPhone
		Ad-Hoc|iPhoneSimulator = Ad-Hoc|iPhoneSimulator
		Ad-Hoc|x64 = Ad-Hoc|x64
		Ad-Hoc|x86 = Ad-Hoc|x86
		AppStore|Any CPU = AppStore|Any CPU
		AppStore|ARM = AppStore|ARM
		AppStore|ARM64 = AppStore|ARM64
		AppStore|iPhone = AppStore|iPhone
		AppStore|iPhoneSimulator = AppStore|iPhoneSimulator
		AppStore|x64 = AppStore|x64
		AppStore|x86 = AppStore|x86
		Debug|Any CPU = Debug|Any CPU
		Debug|ARM = Debug|ARM
		Debug|ARM64 = Debug|ARM64
		Debug|iPhone = Debug|iPhone
		Debug|iPhoneSimulator = Debug|iPhoneSimulator
		Debug|x64 = Debug|x64
		Debug|x86 = Debug|x86
		Release|Any CPU = Release|Any CPU
		Release|ARM = Release|ARM
		Release|ARM64 = Release|ARM64
		Release|iPhone = Release|iPhone
		Release|iPhoneSimulator = Release|iPhoneSimulator
		Release|x64 = Release|x64
		Release|x86 = Release|x86
	EndGlobalSection
	GlobalSection(ProjectConfigurationPlatforms) = postSolution
		{50A21BBF-B091-4A5D-A414-4FA3205A6F1B}.Ad-Hoc|Any CPU.ActiveCfg = Release|Any CPU
		{50A21BBF-B091-4A5D-A414-4FA3205A6F1B}.Ad-Hoc|Any CPU.Build.0 = Release|Any CPU
		{50A21BBF-B091-4A5D-A414-4FA3205A6F1B}.Ad-Hoc|ARM.ActiveCfg = Release|Any CPU
		{50A21BBF-B091-4A5D-A414-4FA3205A6F1B}.Ad-Hoc|ARM.Build.0 = Release|Any CPU
		{50A21BBF-B091-4A5D-A414-4FA3205A6F1B}.Ad-Hoc|ARM64.ActiveCfg = Release|Any CPU
		{50A21BBF-B091-4A5D-A414-4FA3205A6F1B}.Ad-Hoc|ARM64.Build.0 = Release|Any CPU
		{50A21BBF-B091-4A5D-A414-4FA3205A6F1B}.Ad-Hoc|iPhone.ActiveCfg = Release|Any CPU
		{50A21BBF-B091-4A5D-A414-4FA3205A6F1B}.Ad-Hoc|iPhone.Build.0 = Release|Any CPU
		{50A21BBF-B091-4A5D-A414-4FA3205A6F1B}.Ad-Hoc|iPhoneSimulator.ActiveCfg = Release|Any CPU
		{50A21BBF-B091-4A5D-A414-4FA3205A6F1B}.Ad-Hoc|iPhoneSimulator.Build.0 = Release|Any CPU
		{50A21BBF-B091-4A5D-A414-4FA3205A6F1B}.Ad-Hoc|x64.ActiveCfg = Release|Any CPU
		{50A21BBF-B091-4A5D-A414-4FA3205A6F1B}.Ad-Hoc|x64.Build.0 = Release|Any CPU
		{50A21BBF-B091-4A5D-A414-4FA3205A6F1B}.Ad-Hoc|x86.ActiveCfg = Release|Any CPU
		{50A21BBF-B091-4A5D-A414-4FA3205A6F1B}.Ad-Hoc|x86.Build.0 = Release|Any CPU
		{50A21BBF-B091-4A5D-A414-4FA3205A6F1B}.AppStore|Any CPU.ActiveCfg = Release|Any CPU
		{50A21BBF-B091-4A5D-A414-4FA3205A6F1B}.AppStore|Any CPU.Build.0 = Release|Any CPU
		{50A21BBF-B091-4A5D-A414-4FA3205A6F1B}.AppStore|ARM.ActiveCfg = Release|Any CPU
		{50A21BBF-B091-4A5D-A414-4FA3205A6F1B}.AppStore|ARM.Build.0 = Release|Any CPU
		{50A21BBF-B091-4A5D-A414-4FA3205A6F1B}.AppStore|ARM64.ActiveCfg = Release|Any CPU
		{50A21BBF-B091-4A5D-A414-4FA3205A6F1B}.AppStore|ARM64.Build.0 = Release|Any CPU
		{50A21BBF-B091-4A5D-A414-4FA3205A6F1B}.AppStore|iPhone.ActiveCfg = Release|Any CPU
		{50A21BBF-B091-4A5D-A414-4FA3205A6F1B}.AppStore|iPhone.Build.0 = Release|Any CPU
		{50A21BBF-B091-4A5D-A414-4FA3205A6F1B}.AppStore|iPhoneSimulator.ActiveCfg = Release|Any CPU
		{50A21BBF-B091-4A5D-A414-4FA3205A6F1B}.AppStore|iPhoneSimulator.Build.0 = Release|Any CPU
		{50A21BBF-B091-4A5D-A414-4FA3205A6F1B}.AppStore|x64.ActiveCfg = Release|Any CPU
		{50A21BBF-B091-4A5D-A414-4FA3205A6F1B}.AppStore|x64.Build.0 = Release|Any CPU
		{50A21BBF-B091-4A5D-A414-4FA3205A6F1B}.AppStore|x86.ActiveCfg = Release|Any CPU
		{50A21BBF-B091-4A5D-A414-4FA3205A6F1B}.AppStore|x86.Build.0 = Release|Any CPU
		{50A21BBF-B091-4A5D-A414-4FA3205A6F1B}.Debug|Any CPU.ActiveCfg = Debug|Any CPU
		{50A21BBF-B091-4A5D-A414-4FA3205A6F1B}.Debug|Any CPU.Build.0 = Debug|Any CPU
		{50A21BBF-B091-4A5D-A414-4FA3205A6F1B}.Debug|ARM.ActiveCfg = Debug|Any CPU
		{50A21BBF-B091-4A5D-A414-4FA3205A6F1B}.Debug|ARM.Build.0 = Debug|Any CPU
		{50A21BBF-B091-4A5D-A414-4FA3205A6F1B}.Debug|ARM64.ActiveCfg = Debug|Any CPU
		{50A21BBF-B091-4A5D-A414-4FA3205A6F1B}.Debug|ARM64.Build.0 = Debug|Any CPU
		{50A21BBF-B091-4A5D-A414-4FA3205A6F1B}.Debug|iPhone.ActiveCfg = Debug|Any CPU
		{50A21BBF-B091-4A5D-A414-4FA3205A6F1B}.Debug|iPhone.Build.0 = Debug|Any CPU
		{50A21BBF-B091-4A5D-A414-4FA3205A6F1B}.Debug|iPhoneSimulator.ActiveCfg = Debug|Any CPU
		{50A21BBF-B091-4A5D-A414-4FA3205A6F1B}.Debug|iPhoneSimulator.Build.0 = Debug|Any CPU
		{50A21BBF-B091-4A5D-A414-4FA3205A6F1B}.Debug|x64.ActiveCfg = Debug|Any CPU
		{50A21BBF-B091-4A5D-A414-4FA3205A6F1B}.Debug|x64.Build.0 = Debug|Any CPU
		{50A21BBF-B091-4A5D-A414-4FA3205A6F1B}.Debug|x86.ActiveCfg = Debug|Any CPU
		{50A21BBF-B091-4A5D-A414-4FA3205A6F1B}.Debug|x86.Build.0 = Debug|Any CPU
		{50A21BBF-B091-4A5D-A414-4FA3205A6F1B}.Release|Any CPU.ActiveCfg = Release|Any CPU
		{50A21BBF-B091-4A5D-A414-4FA3205A6F1B}.Release|Any CPU.Build.0 = Release|Any CPU
		{50A21BBF-B091-4A5D-A414-4FA3205A6F1B}.Release|ARM.ActiveCfg = Release|Any CPU
		{50A21BBF-B091-4A5D-A414-4FA3205A6F1B}.Release|ARM.Build.0 = Release|Any CPU
		{50A21BBF-B091-4A5D-A414-4FA3205A6F1B}.Release|ARM64.ActiveCfg = Release|Any CPU
		{50A21BBF-B091-4A5D-A414-4FA3205A6F1B}.Release|ARM64.Build.0 = Release|Any CPU
		{50A21BBF-B091-4A5D-A414-4FA3205A6F1B}.Release|iPhone.ActiveCfg = Release|Any CPU
		{50A21BBF-B091-4A5D-A414-4FA3205A6F1B}.Release|iPhone.Build.0 = Release|Any CPU
		{50A21BBF-B091-4A5D-A414-4FA3205A6F1B}.Release|iPhoneSimulator.ActiveCfg = Release|Any CPU
		{50A21BBF-B091-4A5D-A414-4FA3205A6F1B}.Release|iPhoneSimulator.Build.0 = Release|Any CPU
		{50A21BBF-B091-4A5D-A414-4FA3205A6F1B}.Release|x64.ActiveCfg = Release|Any CPU
		{50A21BBF-B091-4A5D-A414-4FA3205A6F1B}.Release|x64.Build.0 = Release|Any CPU
		{50A21BBF-B091-4A5D-A414-4FA3205A6F1B}.Release|x86.ActiveCfg = Release|Any CPU
		{50A21BBF-B091-4A5D-A414-4FA3205A6F1B}.Release|x86.Build.0 = Release|Any CPU
		{71879C10-C828-4E9D-A396-FA91FC1DD6C4}.Ad-Hoc|Any CPU.ActiveCfg = Release|Any CPU
		{71879C10-C828-4E9D-A396-FA91FC1DD6C4}.Ad-Hoc|Any CPU.Build.0 = Release|Any CPU
		{71879C10-C828-4E9D-A396-FA91FC1DD6C4}.Ad-Hoc|ARM.ActiveCfg = Release|Any CPU
		{71879C10-C828-4E9D-A396-FA91FC1DD6C4}.Ad-Hoc|ARM.Build.0 = Release|Any CPU
		{71879C10-C828-4E9D-A396-FA91FC1DD6C4}.Ad-Hoc|ARM64.ActiveCfg = Release|Any CPU
		{71879C10-C828-4E9D-A396-FA91FC1DD6C4}.Ad-Hoc|ARM64.Build.0 = Release|Any CPU
		{71879C10-C828-4E9D-A396-FA91FC1DD6C4}.Ad-Hoc|iPhone.ActiveCfg = Release|Any CPU
		{71879C10-C828-4E9D-A396-FA91FC1DD6C4}.Ad-Hoc|iPhone.Build.0 = Release|Any CPU
		{71879C10-C828-4E9D-A396-FA91FC1DD6C4}.Ad-Hoc|iPhoneSimulator.ActiveCfg = Release|Any CPU
		{71879C10-C828-4E9D-A396-FA91FC1DD6C4}.Ad-Hoc|iPhoneSimulator.Build.0 = Release|Any CPU
		{71879C10-C828-4E9D-A396-FA91FC1DD6C4}.Ad-Hoc|x64.ActiveCfg = Release|Any CPU
		{71879C10-C828-4E9D-A396-FA91FC1DD6C4}.Ad-Hoc|x64.Build.0 = Release|Any CPU
		{71879C10-C828-4E9D-A396-FA91FC1DD6C4}.Ad-Hoc|x86.ActiveCfg = Release|Any CPU
		{71879C10-C828-4E9D-A396-FA91FC1DD6C4}.Ad-Hoc|x86.Build.0 = Release|Any CPU
		{71879C10-C828-4E9D-A396-FA91FC1DD6C4}.AppStore|Any CPU.ActiveCfg = Release|Any CPU
		{71879C10-C828-4E9D-A396-FA91FC1DD6C4}.AppStore|Any CPU.Build.0 = Release|Any CPU
		{71879C10-C828-4E9D-A396-FA91FC1DD6C4}.AppStore|ARM.ActiveCfg = Release|Any CPU
		{71879C10-C828-4E9D-A396-FA91FC1DD6C4}.AppStore|ARM.Build.0 = Release|Any CPU
		{71879C10-C828-4E9D-A396-FA91FC1DD6C4}.AppStore|ARM64.ActiveCfg = Release|Any CPU
		{71879C10-C828-4E9D-A396-FA91FC1DD6C4}.AppStore|ARM64.Build.0 = Release|Any CPU
		{71879C10-C828-4E9D-A396-FA91FC1DD6C4}.AppStore|iPhone.ActiveCfg = Release|Any CPU
		{71879C10-C828-4E9D-A396-FA91FC1DD6C4}.AppStore|iPhone.Build.0 = Release|Any CPU
		{71879C10-C828-4E9D-A396-FA91FC1DD6C4}.AppStore|iPhoneSimulator.ActiveCfg = Release|Any CPU
		{71879C10-C828-4E9D-A396-FA91FC1DD6C4}.AppStore|iPhoneSimulator.Build.0 = Release|Any CPU
		{71879C10-C828-4E9D-A396-FA91FC1DD6C4}.AppStore|x64.ActiveCfg = Release|Any CPU
		{71879C10-C828-4E9D-A396-FA91FC1DD6C4}.AppStore|x64.Build.0 = Release|Any CPU
		{71879C10-C828-4E9D-A396-FA91FC1DD6C4}.AppStore|x86.ActiveCfg = Release|Any CPU
		{71879C10-C828-4E9D-A396-FA91FC1DD6C4}.AppStore|x86.Build.0 = Release|Any CPU
		{71879C10-C828-4E9D-A396-FA91FC1DD6C4}.Debug|Any CPU.ActiveCfg = Debug|Any CPU
		{71879C10-C828-4E9D-A396-FA91FC1DD6C4}.Debug|Any CPU.Build.0 = Debug|Any CPU
		{71879C10-C828-4E9D-A396-FA91FC1DD6C4}.Debug|ARM.ActiveCfg = Debug|Any CPU
		{71879C10-C828-4E9D-A396-FA91FC1DD6C4}.Debug|ARM.Build.0 = Debug|Any CPU
		{71879C10-C828-4E9D-A396-FA91FC1DD6C4}.Debug|ARM64.ActiveCfg = Debug|Any CPU
		{71879C10-C828-4E9D-A396-FA91FC1DD6C4}.Debug|ARM64.Build.0 = Debug|Any CPU
		{71879C10-C828-4E9D-A396-FA91FC1DD6C4}.Debug|iPhone.ActiveCfg = Debug|Any CPU
		{71879C10-C828-4E9D-A396-FA91FC1DD6C4}.Debug|iPhone.Build.0 = Debug|Any CPU
		{71879C10-C828-4E9D-A396-FA91FC1DD6C4}.Debug|iPhoneSimulator.ActiveCfg = Debug|Any CPU
		{71879C10-C828-4E9D-A396-FA91FC1DD6C4}.Debug|iPhoneSimulator.Build.0 = Debug|Any CPU
		{71879C10-C828-4E9D-A396-FA91FC1DD6C4}.Debug|x64.ActiveCfg = Debug|Any CPU
		{71879C10-C828-4E9D-A396-FA91FC1DD6C4}.Debug|x64.Build.0 = Debug|Any CPU
		{71879C10-C828-4E9D-A396-FA91FC1DD6C4}.Debug|x86.ActiveCfg = Debug|Any CPU
		{71879C10-C828-4E9D-A396-FA91FC1DD6C4}.Debug|x86.Build.0 = Debug|Any CPU
		{71879C10-C828-4E9D-A396-FA91FC1DD6C4}.Release|Any CPU.ActiveCfg = Release|Any CPU
		{71879C10-C828-4E9D-A396-FA91FC1DD6C4}.Release|Any CPU.Build.0 = Release|Any CPU
		{71879C10-C828-4E9D-A396-FA91FC1DD6C4}.Release|ARM.ActiveCfg = Release|Any CPU
		{71879C10-C828-4E9D-A396-FA91FC1DD6C4}.Release|ARM.Build.0 = Release|Any CPU
		{71879C10-C828-4E9D-A396-FA91FC1DD6C4}.Release|ARM64.ActiveCfg = Release|Any CPU
		{71879C10-C828-4E9D-A396-FA91FC1DD6C4}.Release|ARM64.Build.0 = Release|Any CPU
		{71879C10-C828-4E9D-A396-FA91FC1DD6C4}.Release|iPhone.ActiveCfg = Release|Any CPU
		{71879C10-C828-4E9D-A396-FA91FC1DD6C4}.Release|iPhone.Build.0 = Release|Any CPU
		{71879C10-C828-4E9D-A396-FA91FC1DD6C4}.Release|iPhoneSimulator.ActiveCfg = Release|Any CPU
		{71879C10-C828-4E9D-A396-FA91FC1DD6C4}.Release|iPhoneSimulator.Build.0 = Release|Any CPU
		{71879C10-C828-4E9D-A396-FA91FC1DD6C4}.Release|x64.ActiveCfg = Release|Any CPU
		{71879C10-C828-4E9D-A396-FA91FC1DD6C4}.Release|x64.Build.0 = Release|Any CPU
		{71879C10-C828-4E9D-A396-FA91FC1DD6C4}.Release|x86.ActiveCfg = Release|Any CPU
		{71879C10-C828-4E9D-A396-FA91FC1DD6C4}.Release|x86.Build.0 = Release|Any CPU
		{7CE2A624-A0E0-4C1C-AF70-9317DD4FD9BE}.Ad-Hoc|Any CPU.ActiveCfg = Debug|x86
		{7CE2A624-A0E0-4C1C-AF70-9317DD4FD9BE}.Ad-Hoc|Any CPU.Build.0 = Debug|x86
		{7CE2A624-A0E0-4C1C-AF70-9317DD4FD9BE}.Ad-Hoc|Any CPU.Deploy.0 = Debug|x86
		{7CE2A624-A0E0-4C1C-AF70-9317DD4FD9BE}.Ad-Hoc|ARM.ActiveCfg = Debug|ARM
		{7CE2A624-A0E0-4C1C-AF70-9317DD4FD9BE}.Ad-Hoc|ARM.Build.0 = Debug|ARM
		{7CE2A624-A0E0-4C1C-AF70-9317DD4FD9BE}.Ad-Hoc|ARM.Deploy.0 = Debug|ARM
		{7CE2A624-A0E0-4C1C-AF70-9317DD4FD9BE}.Ad-Hoc|ARM64.ActiveCfg = Debug|ARM64
		{7CE2A624-A0E0-4C1C-AF70-9317DD4FD9BE}.Ad-Hoc|ARM64.Build.0 = Debug|ARM64
		{7CE2A624-A0E0-4C1C-AF70-9317DD4FD9BE}.Ad-Hoc|ARM64.Deploy.0 = Debug|ARM64
		{7CE2A624-A0E0-4C1C-AF70-9317DD4FD9BE}.Ad-Hoc|iPhone.ActiveCfg = Debug|x86
		{7CE2A624-A0E0-4C1C-AF70-9317DD4FD9BE}.Ad-Hoc|iPhone.Build.0 = Debug|x86
		{7CE2A624-A0E0-4C1C-AF70-9317DD4FD9BE}.Ad-Hoc|iPhone.Deploy.0 = Debug|x86
		{7CE2A624-A0E0-4C1C-AF70-9317DD4FD9BE}.Ad-Hoc|iPhoneSimulator.ActiveCfg = Debug|x86
		{7CE2A624-A0E0-4C1C-AF70-9317DD4FD9BE}.Ad-Hoc|iPhoneSimulator.Build.0 = Debug|x86
		{7CE2A624-A0E0-4C1C-AF70-9317DD4FD9BE}.Ad-Hoc|iPhoneSimulator.Deploy.0 = Debug|x86
		{7CE2A624-A0E0-4C1C-AF70-9317DD4FD9BE}.Ad-Hoc|x64.ActiveCfg = Debug|x64
		{7CE2A624-A0E0-4C1C-AF70-9317DD4FD9BE}.Ad-Hoc|x64.Build.0 = Debug|x64
		{7CE2A624-A0E0-4C1C-AF70-9317DD4FD9BE}.Ad-Hoc|x64.Deploy.0 = Debug|x64
		{7CE2A624-A0E0-4C1C-AF70-9317DD4FD9BE}.Ad-Hoc|x86.ActiveCfg = Debug|x86
		{7CE2A624-A0E0-4C1C-AF70-9317DD4FD9BE}.Ad-Hoc|x86.Build.0 = Debug|x86
		{7CE2A624-A0E0-4C1C-AF70-9317DD4FD9BE}.Ad-Hoc|x86.Deploy.0 = Debug|x86
		{7CE2A624-A0E0-4C1C-AF70-9317DD4FD9BE}.AppStore|Any CPU.ActiveCfg = Debug|x86
		{7CE2A624-A0E0-4C1C-AF70-9317DD4FD9BE}.AppStore|Any CPU.Build.0 = Debug|x86
		{7CE2A624-A0E0-4C1C-AF70-9317DD4FD9BE}.AppStore|Any CPU.Deploy.0 = Debug|x86
		{7CE2A624-A0E0-4C1C-AF70-9317DD4FD9BE}.AppStore|ARM.ActiveCfg = Debug|ARM
		{7CE2A624-A0E0-4C1C-AF70-9317DD4FD9BE}.AppStore|ARM.Build.0 = Debug|ARM
		{7CE2A624-A0E0-4C1C-AF70-9317DD4FD9BE}.AppStore|ARM.Deploy.0 = Debug|ARM
		{7CE2A624-A0E0-4C1C-AF70-9317DD4FD9BE}.AppStore|ARM64.ActiveCfg = Debug|ARM64
		{7CE2A624-A0E0-4C1C-AF70-9317DD4FD9BE}.AppStore|ARM64.Build.0 = Debug|ARM64
		{7CE2A624-A0E0-4C1C-AF70-9317DD4FD9BE}.AppStore|ARM64.Deploy.0 = Debug|ARM64
		{7CE2A624-A0E0-4C1C-AF70-9317DD4FD9BE}.AppStore|iPhone.ActiveCfg = Debug|x86
		{7CE2A624-A0E0-4C1C-AF70-9317DD4FD9BE}.AppStore|iPhone.Build.0 = Debug|x86
		{7CE2A624-A0E0-4C1C-AF70-9317DD4FD9BE}.AppStore|iPhone.Deploy.0 = Debug|x86
		{7CE2A624-A0E0-4C1C-AF70-9317DD4FD9BE}.AppStore|iPhoneSimulator.ActiveCfg = Debug|x86
		{7CE2A624-A0E0-4C1C-AF70-9317DD4FD9BE}.AppStore|iPhoneSimulator.Build.0 = Debug|x86
		{7CE2A624-A0E0-4C1C-AF70-9317DD4FD9BE}.AppStore|iPhoneSimulator.Deploy.0 = Debug|x86
		{7CE2A624-A0E0-4C1C-AF70-9317DD4FD9BE}.AppStore|x64.ActiveCfg = Debug|x64
		{7CE2A624-A0E0-4C1C-AF70-9317DD4FD9BE}.AppStore|x64.Build.0 = Debug|x64
		{7CE2A624-A0E0-4C1C-AF70-9317DD4FD9BE}.AppStore|x64.Deploy.0 = Debug|x64
		{7CE2A624-A0E0-4C1C-AF70-9317DD4FD9BE}.AppStore|x86.ActiveCfg = Debug|x86
		{7CE2A624-A0E0-4C1C-AF70-9317DD4FD9BE}.AppStore|x86.Build.0 = Debug|x86
		{7CE2A624-A0E0-4C1C-AF70-9317DD4FD9BE}.AppStore|x86.Deploy.0 = Debug|x86
		{7CE2A624-A0E0-4C1C-AF70-9317DD4FD9BE}.Debug|Any CPU.ActiveCfg = Debug|x64
		{7CE2A624-A0E0-4C1C-AF70-9317DD4FD9BE}.Debug|Any CPU.Build.0 = Debug|x64
		{7CE2A624-A0E0-4C1C-AF70-9317DD4FD9BE}.Debug|Any CPU.Deploy.0 = Debug|x64
		{7CE2A624-A0E0-4C1C-AF70-9317DD4FD9BE}.Debug|ARM.ActiveCfg = Debug|ARM
		{7CE2A624-A0E0-4C1C-AF70-9317DD4FD9BE}.Debug|ARM.Build.0 = Debug|ARM
		{7CE2A624-A0E0-4C1C-AF70-9317DD4FD9BE}.Debug|ARM.Deploy.0 = Debug|ARM
		{7CE2A624-A0E0-4C1C-AF70-9317DD4FD9BE}.Debug|ARM64.ActiveCfg = Debug|ARM64
		{7CE2A624-A0E0-4C1C-AF70-9317DD4FD9BE}.Debug|ARM64.Build.0 = Debug|ARM64
		{7CE2A624-A0E0-4C1C-AF70-9317DD4FD9BE}.Debug|ARM64.Deploy.0 = Debug|ARM64
		{7CE2A624-A0E0-4C1C-AF70-9317DD4FD9BE}.Debug|iPhone.ActiveCfg = Debug|x64
		{7CE2A624-A0E0-4C1C-AF70-9317DD4FD9BE}.Debug|iPhone.Build.0 = Debug|x64
		{7CE2A624-A0E0-4C1C-AF70-9317DD4FD9BE}.Debug|iPhone.Deploy.0 = Debug|x64
		{7CE2A624-A0E0-4C1C-AF70-9317DD4FD9BE}.Debug|iPhoneSimulator.ActiveCfg = Debug|x64
		{7CE2A624-A0E0-4C1C-AF70-9317DD4FD9BE}.Debug|iPhoneSimulator.Build.0 = Debug|x64
		{7CE2A624-A0E0-4C1C-AF70-9317DD4FD9BE}.Debug|iPhoneSimulator.Deploy.0 = Debug|x64
		{7CE2A624-A0E0-4C1C-AF70-9317DD4FD9BE}.Debug|x64.ActiveCfg = Debug|x64
		{7CE2A624-A0E0-4C1C-AF70-9317DD4FD9BE}.Debug|x64.Build.0 = Debug|x64
		{7CE2A624-A0E0-4C1C-AF70-9317DD4FD9BE}.Debug|x64.Deploy.0 = Debug|x64
		{7CE2A624-A0E0-4C1C-AF70-9317DD4FD9BE}.Debug|x86.ActiveCfg = Debug|x86
		{7CE2A624-A0E0-4C1C-AF70-9317DD4FD9BE}.Debug|x86.Build.0 = Debug|x86
		{7CE2A624-A0E0-4C1C-AF70-9317DD4FD9BE}.Debug|x86.Deploy.0 = Debug|x86
		{7CE2A624-A0E0-4C1C-AF70-9317DD4FD9BE}.Release|Any CPU.ActiveCfg = Release|x64
		{7CE2A624-A0E0-4C1C-AF70-9317DD4FD9BE}.Release|Any CPU.Build.0 = Release|x64
		{7CE2A624-A0E0-4C1C-AF70-9317DD4FD9BE}.Release|Any CPU.Deploy.0 = Release|x64
		{7CE2A624-A0E0-4C1C-AF70-9317DD4FD9BE}.Release|ARM.ActiveCfg = Release|ARM
		{7CE2A624-A0E0-4C1C-AF70-9317DD4FD9BE}.Release|ARM.Build.0 = Release|ARM
		{7CE2A624-A0E0-4C1C-AF70-9317DD4FD9BE}.Release|ARM.Deploy.0 = Release|ARM
		{7CE2A624-A0E0-4C1C-AF70-9317DD4FD9BE}.Release|ARM64.ActiveCfg = Release|ARM64
		{7CE2A624-A0E0-4C1C-AF70-9317DD4FD9BE}.Release|ARM64.Build.0 = Release|ARM64
		{7CE2A624-A0E0-4C1C-AF70-9317DD4FD9BE}.Release|ARM64.Deploy.0 = Release|ARM64
		{7CE2A624-A0E0-4C1C-AF70-9317DD4FD9BE}.Release|iPhone.ActiveCfg = Release|x64
		{7CE2A624-A0E0-4C1C-AF70-9317DD4FD9BE}.Release|iPhone.Build.0 = Release|x64
		{7CE2A624-A0E0-4C1C-AF70-9317DD4FD9BE}.Release|iPhone.Deploy.0 = Release|x64
		{7CE2A624-A0E0-4C1C-AF70-9317DD4FD9BE}.Release|iPhoneSimulator.ActiveCfg = Release|x64
		{7CE2A624-A0E0-4C1C-AF70-9317DD4FD9BE}.Release|iPhoneSimulator.Build.0 = Release|x64
		{7CE2A624-A0E0-4C1C-AF70-9317DD4FD9BE}.Release|iPhoneSimulator.Deploy.0 = Release|x64
		{7CE2A624-A0E0-4C1C-AF70-9317DD4FD9BE}.Release|x64.ActiveCfg = Release|x64
		{7CE2A624-A0E0-4C1C-AF70-9317DD4FD9BE}.Release|x64.Build.0 = Release|x64
		{7CE2A624-A0E0-4C1C-AF70-9317DD4FD9BE}.Release|x64.Deploy.0 = Release|x64
		{7CE2A624-A0E0-4C1C-AF70-9317DD4FD9BE}.Release|x86.ActiveCfg = Release|x86
		{7CE2A624-A0E0-4C1C-AF70-9317DD4FD9BE}.Release|x86.Build.0 = Release|x86
		{7CE2A624-A0E0-4C1C-AF70-9317DD4FD9BE}.Release|x86.Deploy.0 = Release|x86
		{AE075E05-61DD-4140-B98E-148071A93C9D}.Ad-Hoc|Any CPU.ActiveCfg = Debug|x86
		{AE075E05-61DD-4140-B98E-148071A93C9D}.Ad-Hoc|Any CPU.Build.0 = Debug|x86
		{AE075E05-61DD-4140-B98E-148071A93C9D}.Ad-Hoc|Any CPU.Deploy.0 = Debug|x86
		{AE075E05-61DD-4140-B98E-148071A93C9D}.Ad-Hoc|ARM.ActiveCfg = Debug|ARM
		{AE075E05-61DD-4140-B98E-148071A93C9D}.Ad-Hoc|ARM.Build.0 = Debug|ARM
		{AE075E05-61DD-4140-B98E-148071A93C9D}.Ad-Hoc|ARM.Deploy.0 = Debug|ARM
		{AE075E05-61DD-4140-B98E-148071A93C9D}.Ad-Hoc|ARM64.ActiveCfg = Debug|ARM64
		{AE075E05-61DD-4140-B98E-148071A93C9D}.Ad-Hoc|ARM64.Build.0 = Debug|ARM64
		{AE075E05-61DD-4140-B98E-148071A93C9D}.Ad-Hoc|ARM64.Deploy.0 = Debug|ARM64
		{AE075E05-61DD-4140-B98E-148071A93C9D}.Ad-Hoc|iPhone.ActiveCfg = Debug|x86
		{AE075E05-61DD-4140-B98E-148071A93C9D}.Ad-Hoc|iPhone.Build.0 = Debug|x86
		{AE075E05-61DD-4140-B98E-148071A93C9D}.Ad-Hoc|iPhone.Deploy.0 = Debug|x86
		{AE075E05-61DD-4140-B98E-148071A93C9D}.Ad-Hoc|iPhoneSimulator.ActiveCfg = Debug|x86
		{AE075E05-61DD-4140-B98E-148071A93C9D}.Ad-Hoc|iPhoneSimulator.Build.0 = Debug|x86
		{AE075E05-61DD-4140-B98E-148071A93C9D}.Ad-Hoc|iPhoneSimulator.Deploy.0 = Debug|x86
		{AE075E05-61DD-4140-B98E-148071A93C9D}.Ad-Hoc|x64.ActiveCfg = Debug|x64
		{AE075E05-61DD-4140-B98E-148071A93C9D}.Ad-Hoc|x64.Build.0 = Debug|x64
		{AE075E05-61DD-4140-B98E-148071A93C9D}.Ad-Hoc|x64.Deploy.0 = Debug|x64
		{AE075E05-61DD-4140-B98E-148071A93C9D}.Ad-Hoc|x86.ActiveCfg = Debug|x86
		{AE075E05-61DD-4140-B98E-148071A93C9D}.Ad-Hoc|x86.Build.0 = Debug|x86
		{AE075E05-61DD-4140-B98E-148071A93C9D}.Ad-Hoc|x86.Deploy.0 = Debug|x86
		{AE075E05-61DD-4140-B98E-148071A93C9D}.AppStore|Any CPU.ActiveCfg = Debug|x86
		{AE075E05-61DD-4140-B98E-148071A93C9D}.AppStore|Any CPU.Build.0 = Debug|x86
		{AE075E05-61DD-4140-B98E-148071A93C9D}.AppStore|Any CPU.Deploy.0 = Debug|x86
		{AE075E05-61DD-4140-B98E-148071A93C9D}.AppStore|ARM.ActiveCfg = Debug|ARM
		{AE075E05-61DD-4140-B98E-148071A93C9D}.AppStore|ARM.Build.0 = Debug|ARM
		{AE075E05-61DD-4140-B98E-148071A93C9D}.AppStore|ARM.Deploy.0 = Debug|ARM
		{AE075E05-61DD-4140-B98E-148071A93C9D}.AppStore|ARM64.ActiveCfg = Debug|ARM64
		{AE075E05-61DD-4140-B98E-148071A93C9D}.AppStore|ARM64.Build.0 = Debug|ARM64
		{AE075E05-61DD-4140-B98E-148071A93C9D}.AppStore|ARM64.Deploy.0 = Debug|ARM64
		{AE075E05-61DD-4140-B98E-148071A93C9D}.AppStore|iPhone.ActiveCfg = Debug|x86
		{AE075E05-61DD-4140-B98E-148071A93C9D}.AppStore|iPhone.Build.0 = Debug|x86
		{AE075E05-61DD-4140-B98E-148071A93C9D}.AppStore|iPhone.Deploy.0 = Debug|x86
		{AE075E05-61DD-4140-B98E-148071A93C9D}.AppStore|iPhoneSimulator.ActiveCfg = Debug|x86
		{AE075E05-61DD-4140-B98E-148071A93C9D}.AppStore|iPhoneSimulator.Build.0 = Debug|x86
		{AE075E05-61DD-4140-B98E-148071A93C9D}.AppStore|iPhoneSimulator.Deploy.0 = Debug|x86
		{AE075E05-61DD-4140-B98E-148071A93C9D}.AppStore|x64.ActiveCfg = Debug|x64
		{AE075E05-61DD-4140-B98E-148071A93C9D}.AppStore|x64.Build.0 = Debug|x64
		{AE075E05-61DD-4140-B98E-148071A93C9D}.AppStore|x64.Deploy.0 = Debug|x64
		{AE075E05-61DD-4140-B98E-148071A93C9D}.AppStore|x86.ActiveCfg = Debug|x86
		{AE075E05-61DD-4140-B98E-148071A93C9D}.AppStore|x86.Build.0 = Debug|x86
		{AE075E05-61DD-4140-B98E-148071A93C9D}.AppStore|x86.Deploy.0 = Debug|x86
		{AE075E05-61DD-4140-B98E-148071A93C9D}.Debug|Any CPU.ActiveCfg = Debug|x64
		{AE075E05-61DD-4140-B98E-148071A93C9D}.Debug|Any CPU.Build.0 = Debug|x64
		{AE075E05-61DD-4140-B98E-148071A93C9D}.Debug|Any CPU.Deploy.0 = Debug|x64
		{AE075E05-61DD-4140-B98E-148071A93C9D}.Debug|ARM.ActiveCfg = Debug|ARM
		{AE075E05-61DD-4140-B98E-148071A93C9D}.Debug|ARM.Build.0 = Debug|ARM
		{AE075E05-61DD-4140-B98E-148071A93C9D}.Debug|ARM.Deploy.0 = Debug|ARM
		{AE075E05-61DD-4140-B98E-148071A93C9D}.Debug|ARM64.ActiveCfg = Debug|ARM64
		{AE075E05-61DD-4140-B98E-148071A93C9D}.Debug|ARM64.Build.0 = Debug|ARM64
		{AE075E05-61DD-4140-B98E-148071A93C9D}.Debug|ARM64.Deploy.0 = Debug|ARM64
		{AE075E05-61DD-4140-B98E-148071A93C9D}.Debug|iPhone.ActiveCfg = Debug|x64
		{AE075E05-61DD-4140-B98E-148071A93C9D}.Debug|iPhone.Build.0 = Debug|x64
		{AE075E05-61DD-4140-B98E-148071A93C9D}.Debug|iPhone.Deploy.0 = Debug|x64
		{AE075E05-61DD-4140-B98E-148071A93C9D}.Debug|iPhoneSimulator.ActiveCfg = Debug|x64
		{AE075E05-61DD-4140-B98E-148071A93C9D}.Debug|iPhoneSimulator.Build.0 = Debug|x64
		{AE075E05-61DD-4140-B98E-148071A93C9D}.Debug|iPhoneSimulator.Deploy.0 = Debug|x64
		{AE075E05-61DD-4140-B98E-148071A93C9D}.Debug|x64.ActiveCfg = Debug|x64
		{AE075E05-61DD-4140-B98E-148071A93C9D}.Debug|x64.Build.0 = Debug|x64
		{AE075E05-61DD-4140-B98E-148071A93C9D}.Debug|x64.Deploy.0 = Debug|x64
		{AE075E05-61DD-4140-B98E-148071A93C9D}.Debug|x86.ActiveCfg = Debug|x86
		{AE075E05-61DD-4140-B98E-148071A93C9D}.Debug|x86.Build.0 = Debug|x86
		{AE075E05-61DD-4140-B98E-148071A93C9D}.Debug|x86.Deploy.0 = Debug|x86
		{AE075E05-61DD-4140-B98E-148071A93C9D}.Release|Any CPU.ActiveCfg = Release|x64
		{AE075E05-61DD-4140-B98E-148071A93C9D}.Release|Any CPU.Build.0 = Release|x64
		{AE075E05-61DD-4140-B98E-148071A93C9D}.Release|Any CPU.Deploy.0 = Release|x64
		{AE075E05-61DD-4140-B98E-148071A93C9D}.Release|ARM.ActiveCfg = Release|ARM
		{AE075E05-61DD-4140-B98E-148071A93C9D}.Release|ARM.Build.0 = Release|ARM
		{AE075E05-61DD-4140-B98E-148071A93C9D}.Release|ARM.Deploy.0 = Release|ARM
		{AE075E05-61DD-4140-B98E-148071A93C9D}.Release|ARM64.ActiveCfg = Release|ARM64
		{AE075E05-61DD-4140-B98E-148071A93C9D}.Release|ARM64.Build.0 = Release|ARM64
		{AE075E05-61DD-4140-B98E-148071A93C9D}.Release|ARM64.Deploy.0 = Release|ARM64
		{AE075E05-61DD-4140-B98E-148071A93C9D}.Release|iPhone.ActiveCfg = Release|x64
		{AE075E05-61DD-4140-B98E-148071A93C9D}.Release|iPhone.Build.0 = Release|x64
		{AE075E05-61DD-4140-B98E-148071A93C9D}.Release|iPhone.Deploy.0 = Release|x64
		{AE075E05-61DD-4140-B98E-148071A93C9D}.Release|iPhoneSimulator.ActiveCfg = Release|x64
		{AE075E05-61DD-4140-B98E-148071A93C9D}.Release|iPhoneSimulator.Build.0 = Release|x64
		{AE075E05-61DD-4140-B98E-148071A93C9D}.Release|iPhoneSimulator.Deploy.0 = Release|x64
		{AE075E05-61DD-4140-B98E-148071A93C9D}.Release|x64.ActiveCfg = Release|x64
		{AE075E05-61DD-4140-B98E-148071A93C9D}.Release|x64.Build.0 = Release|x64
		{AE075E05-61DD-4140-B98E-148071A93C9D}.Release|x64.Deploy.0 = Release|x64
		{AE075E05-61DD-4140-B98E-148071A93C9D}.Release|x86.ActiveCfg = Release|x86
		{AE075E05-61DD-4140-B98E-148071A93C9D}.Release|x86.Build.0 = Release|x86
		{AE075E05-61DD-4140-B98E-148071A93C9D}.Release|x86.Deploy.0 = Release|x86
		{F9ACF293-E486-4666-BF6A-9740ED726535}.Ad-Hoc|Any CPU.ActiveCfg = Debug|Any CPU
		{F9ACF293-E486-4666-BF6A-9740ED726535}.Ad-Hoc|Any CPU.Build.0 = Debug|Any CPU
		{F9ACF293-E486-4666-BF6A-9740ED726535}.Ad-Hoc|Any CPU.Deploy.0 = Debug|Any CPU
		{F9ACF293-E486-4666-BF6A-9740ED726535}.Ad-Hoc|ARM.ActiveCfg = Debug|Any CPU
		{F9ACF293-E486-4666-BF6A-9740ED726535}.Ad-Hoc|ARM.Build.0 = Debug|Any CPU
		{F9ACF293-E486-4666-BF6A-9740ED726535}.Ad-Hoc|ARM.Deploy.0 = Debug|Any CPU
		{F9ACF293-E486-4666-BF6A-9740ED726535}.Ad-Hoc|ARM64.ActiveCfg = Debug|Any CPU
		{F9ACF293-E486-4666-BF6A-9740ED726535}.Ad-Hoc|ARM64.Build.0 = Debug|Any CPU
		{F9ACF293-E486-4666-BF6A-9740ED726535}.Ad-Hoc|ARM64.Deploy.0 = Debug|Any CPU
		{F9ACF293-E486-4666-BF6A-9740ED726535}.Ad-Hoc|iPhone.ActiveCfg = Debug|Any CPU
		{F9ACF293-E486-4666-BF6A-9740ED726535}.Ad-Hoc|iPhone.Build.0 = Debug|Any CPU
		{F9ACF293-E486-4666-BF6A-9740ED726535}.Ad-Hoc|iPhone.Deploy.0 = Debug|Any CPU
		{F9ACF293-E486-4666-BF6A-9740ED726535}.Ad-Hoc|iPhoneSimulator.ActiveCfg = Debug|Any CPU
		{F9ACF293-E486-4666-BF6A-9740ED726535}.Ad-Hoc|iPhoneSimulator.Build.0 = Debug|Any CPU
		{F9ACF293-E486-4666-BF6A-9740ED726535}.Ad-Hoc|iPhoneSimulator.Deploy.0 = Debug|Any CPU
		{F9ACF293-E486-4666-BF6A-9740ED726535}.Ad-Hoc|x64.ActiveCfg = Debug|Any CPU
		{F9ACF293-E486-4666-BF6A-9740ED726535}.Ad-Hoc|x64.Build.0 = Debug|Any CPU
		{F9ACF293-E486-4666-BF6A-9740ED726535}.Ad-Hoc|x64.Deploy.0 = Debug|Any CPU
		{F9ACF293-E486-4666-BF6A-9740ED726535}.Ad-Hoc|x86.ActiveCfg = Debug|Any CPU
		{F9ACF293-E486-4666-BF6A-9740ED726535}.Ad-Hoc|x86.Build.0 = Debug|Any CPU
		{F9ACF293-E486-4666-BF6A-9740ED726535}.Ad-Hoc|x86.Deploy.0 = Debug|Any CPU
		{F9ACF293-E486-4666-BF6A-9740ED726535}.AppStore|Any CPU.ActiveCfg = Debug|Any CPU
		{F9ACF293-E486-4666-BF6A-9740ED726535}.AppStore|Any CPU.Build.0 = Debug|Any CPU
		{F9ACF293-E486-4666-BF6A-9740ED726535}.AppStore|Any CPU.Deploy.0 = Debug|Any CPU
		{F9ACF293-E486-4666-BF6A-9740ED726535}.AppStore|ARM.ActiveCfg = Debug|Any CPU
		{F9ACF293-E486-4666-BF6A-9740ED726535}.AppStore|ARM.Build.0 = Debug|Any CPU
		{F9ACF293-E486-4666-BF6A-9740ED726535}.AppStore|ARM.Deploy.0 = Debug|Any CPU
		{F9ACF293-E486-4666-BF6A-9740ED726535}.AppStore|ARM64.ActiveCfg = Debug|Any CPU
		{F9ACF293-E486-4666-BF6A-9740ED726535}.AppStore|ARM64.Build.0 = Debug|Any CPU
		{F9ACF293-E486-4666-BF6A-9740ED726535}.AppStore|ARM64.Deploy.0 = Debug|Any CPU
		{F9ACF293-E486-4666-BF6A-9740ED726535}.AppStore|iPhone.ActiveCfg = Debug|Any CPU
		{F9ACF293-E486-4666-BF6A-9740ED726535}.AppStore|iPhone.Build.0 = Debug|Any CPU
		{F9ACF293-E486-4666-BF6A-9740ED726535}.AppStore|iPhone.Deploy.0 = Debug|Any CPU
		{F9ACF293-E486-4666-BF6A-9740ED726535}.AppStore|iPhoneSimulator.ActiveCfg = Debug|Any CPU
		{F9ACF293-E486-4666-BF6A-9740ED726535}.AppStore|iPhoneSimulator.Build.0 = Debug|Any CPU
		{F9ACF293-E486-4666-BF6A-9740ED726535}.AppStore|iPhoneSimulator.Deploy.0 = Debug|Any CPU
		{F9ACF293-E486-4666-BF6A-9740ED726535}.AppStore|x64.ActiveCfg = Debug|Any CPU
		{F9ACF293-E486-4666-BF6A-9740ED726535}.AppStore|x64.Build.0 = Debug|Any CPU
		{F9ACF293-E486-4666-BF6A-9740ED726535}.AppStore|x64.Deploy.0 = Debug|Any CPU
		{F9ACF293-E486-4666-BF6A-9740ED726535}.AppStore|x86.ActiveCfg = Debug|Any CPU
		{F9ACF293-E486-4666-BF6A-9740ED726535}.AppStore|x86.Build.0 = Debug|Any CPU
		{F9ACF293-E486-4666-BF6A-9740ED726535}.AppStore|x86.Deploy.0 = Debug|Any CPU
		{F9ACF293-E486-4666-BF6A-9740ED726535}.Debug|Any CPU.ActiveCfg = Debug|Any CPU
		{F9ACF293-E486-4666-BF6A-9740ED726535}.Debug|Any CPU.Build.0 = Debug|Any CPU
		{F9ACF293-E486-4666-BF6A-9740ED726535}.Debug|Any CPU.Deploy.0 = Debug|Any CPU
		{F9ACF293-E486-4666-BF6A-9740ED726535}.Debug|ARM.ActiveCfg = Debug|Any CPU
		{F9ACF293-E486-4666-BF6A-9740ED726535}.Debug|ARM.Build.0 = Debug|Any CPU
		{F9ACF293-E486-4666-BF6A-9740ED726535}.Debug|ARM.Deploy.0 = Debug|Any CPU
		{F9ACF293-E486-4666-BF6A-9740ED726535}.Debug|ARM64.ActiveCfg = Debug|Any CPU
		{F9ACF293-E486-4666-BF6A-9740ED726535}.Debug|ARM64.Build.0 = Debug|Any CPU
		{F9ACF293-E486-4666-BF6A-9740ED726535}.Debug|ARM64.Deploy.0 = Debug|Any CPU
		{F9ACF293-E486-4666-BF6A-9740ED726535}.Debug|iPhone.ActiveCfg = Debug|Any CPU
		{F9ACF293-E486-4666-BF6A-9740ED726535}.Debug|iPhone.Build.0 = Debug|Any CPU
		{F9ACF293-E486-4666-BF6A-9740ED726535}.Debug|iPhone.Deploy.0 = Debug|Any CPU
		{F9ACF293-E486-4666-BF6A-9740ED726535}.Debug|iPhoneSimulator.ActiveCfg = Debug|Any CPU
		{F9ACF293-E486-4666-BF6A-9740ED726535}.Debug|iPhoneSimulator.Build.0 = Debug|Any CPU
		{F9ACF293-E486-4666-BF6A-9740ED726535}.Debug|iPhoneSimulator.Deploy.0 = Debug|Any CPU
		{F9ACF293-E486-4666-BF6A-9740ED726535}.Debug|x64.ActiveCfg = Debug|Any CPU
		{F9ACF293-E486-4666-BF6A-9740ED726535}.Debug|x64.Build.0 = Debug|Any CPU
		{F9ACF293-E486-4666-BF6A-9740ED726535}.Debug|x64.Deploy.0 = Debug|Any CPU
		{F9ACF293-E486-4666-BF6A-9740ED726535}.Debug|x86.ActiveCfg = Debug|Any CPU
		{F9ACF293-E486-4666-BF6A-9740ED726535}.Debug|x86.Build.0 = Debug|Any CPU
		{F9ACF293-E486-4666-BF6A-9740ED726535}.Debug|x86.Deploy.0 = Debug|Any CPU
		{F9ACF293-E486-4666-BF6A-9740ED726535}.Release|Any CPU.ActiveCfg = Release|Any CPU
		{F9ACF293-E486-4666-BF6A-9740ED726535}.Release|Any CPU.Build.0 = Release|Any CPU
		{F9ACF293-E486-4666-BF6A-9740ED726535}.Release|Any CPU.Deploy.0 = Release|Any CPU
		{F9ACF293-E486-4666-BF6A-9740ED726535}.Release|ARM.ActiveCfg = Release|Any CPU
		{F9ACF293-E486-4666-BF6A-9740ED726535}.Release|ARM.Build.0 = Release|Any CPU
		{F9ACF293-E486-4666-BF6A-9740ED726535}.Release|ARM.Deploy.0 = Release|Any CPU
		{F9ACF293-E486-4666-BF6A-9740ED726535}.Release|ARM64.ActiveCfg = Release|Any CPU
		{F9ACF293-E486-4666-BF6A-9740ED726535}.Release|ARM64.Build.0 = Release|Any CPU
		{F9ACF293-E486-4666-BF6A-9740ED726535}.Release|ARM64.Deploy.0 = Release|Any CPU
		{F9ACF293-E486-4666-BF6A-9740ED726535}.Release|iPhone.ActiveCfg = Release|Any CPU
		{F9ACF293-E486-4666-BF6A-9740ED726535}.Release|iPhone.Build.0 = Release|Any CPU
		{F9ACF293-E486-4666-BF6A-9740ED726535}.Release|iPhone.Deploy.0 = Release|Any CPU
		{F9ACF293-E486-4666-BF6A-9740ED726535}.Release|iPhoneSimulator.ActiveCfg = Release|Any CPU
		{F9ACF293-E486-4666-BF6A-9740ED726535}.Release|iPhoneSimulator.Build.0 = Release|Any CPU
		{F9ACF293-E486-4666-BF6A-9740ED726535}.Release|iPhoneSimulator.Deploy.0 = Release|Any CPU
		{F9ACF293-E486-4666-BF6A-9740ED726535}.Release|x64.ActiveCfg = Release|Any CPU
		{F9ACF293-E486-4666-BF6A-9740ED726535}.Release|x64.Build.0 = Release|Any CPU
		{F9ACF293-E486-4666-BF6A-9740ED726535}.Release|x64.Deploy.0 = Release|Any CPU
		{F9ACF293-E486-4666-BF6A-9740ED726535}.Release|x86.ActiveCfg = Release|Any CPU
		{F9ACF293-E486-4666-BF6A-9740ED726535}.Release|x86.Build.0 = Release|Any CPU
		{F9ACF293-E486-4666-BF6A-9740ED726535}.Release|x86.Deploy.0 = Release|Any CPU
		{7F50E085-0BB1-46C6-ABEB-4C4564711B1C}.Ad-Hoc|Any CPU.ActiveCfg = Ad-Hoc|iPhoneSimulator
		{7F50E085-0BB1-46C6-ABEB-4C4564711B1C}.Ad-Hoc|Any CPU.Build.0 = Ad-Hoc|iPhoneSimulator
		{7F50E085-0BB1-46C6-ABEB-4C4564711B1C}.Ad-Hoc|ARM.ActiveCfg = Ad-Hoc|iPhoneSimulator
		{7F50E085-0BB1-46C6-ABEB-4C4564711B1C}.Ad-Hoc|ARM.Build.0 = Ad-Hoc|iPhoneSimulator
		{7F50E085-0BB1-46C6-ABEB-4C4564711B1C}.Ad-Hoc|ARM64.ActiveCfg = Ad-Hoc|iPhoneSimulator
		{7F50E085-0BB1-46C6-ABEB-4C4564711B1C}.Ad-Hoc|ARM64.Build.0 = Ad-Hoc|iPhoneSimulator
		{7F50E085-0BB1-46C6-ABEB-4C4564711B1C}.Ad-Hoc|iPhone.ActiveCfg = Ad-Hoc|iPhone
		{7F50E085-0BB1-46C6-ABEB-4C4564711B1C}.Ad-Hoc|iPhone.Build.0 = Ad-Hoc|iPhone
		{7F50E085-0BB1-46C6-ABEB-4C4564711B1C}.Ad-Hoc|iPhoneSimulator.ActiveCfg = Ad-Hoc|iPhoneSimulator
		{7F50E085-0BB1-46C6-ABEB-4C4564711B1C}.Ad-Hoc|iPhoneSimulator.Build.0 = Ad-Hoc|iPhoneSimulator
		{7F50E085-0BB1-46C6-ABEB-4C4564711B1C}.Ad-Hoc|x64.ActiveCfg = Ad-Hoc|iPhoneSimulator
		{7F50E085-0BB1-46C6-ABEB-4C4564711B1C}.Ad-Hoc|x64.Build.0 = Ad-Hoc|iPhoneSimulator
		{7F50E085-0BB1-46C6-ABEB-4C4564711B1C}.Ad-Hoc|x86.ActiveCfg = Ad-Hoc|iPhoneSimulator
		{7F50E085-0BB1-46C6-ABEB-4C4564711B1C}.Ad-Hoc|x86.Build.0 = Ad-Hoc|iPhoneSimulator
		{7F50E085-0BB1-46C6-ABEB-4C4564711B1C}.AppStore|Any CPU.ActiveCfg = AppStore|iPhoneSimulator
		{7F50E085-0BB1-46C6-ABEB-4C4564711B1C}.AppStore|Any CPU.Build.0 = AppStore|iPhoneSimulator
		{7F50E085-0BB1-46C6-ABEB-4C4564711B1C}.AppStore|ARM.ActiveCfg = AppStore|iPhoneSimulator
		{7F50E085-0BB1-46C6-ABEB-4C4564711B1C}.AppStore|ARM.Build.0 = AppStore|iPhoneSimulator
		{7F50E085-0BB1-46C6-ABEB-4C4564711B1C}.AppStore|ARM64.ActiveCfg = AppStore|iPhoneSimulator
		{7F50E085-0BB1-46C6-ABEB-4C4564711B1C}.AppStore|ARM64.Build.0 = AppStore|iPhoneSimulator
		{7F50E085-0BB1-46C6-ABEB-4C4564711B1C}.AppStore|iPhone.ActiveCfg = AppStore|iPhone
		{7F50E085-0BB1-46C6-ABEB-4C4564711B1C}.AppStore|iPhone.Build.0 = AppStore|iPhone
		{7F50E085-0BB1-46C6-ABEB-4C4564711B1C}.AppStore|iPhoneSimulator.ActiveCfg = AppStore|iPhoneSimulator
		{7F50E085-0BB1-46C6-ABEB-4C4564711B1C}.AppStore|iPhoneSimulator.Build.0 = AppStore|iPhoneSimulator
		{7F50E085-0BB1-46C6-ABEB-4C4564711B1C}.AppStore|x64.ActiveCfg = AppStore|iPhoneSimulator
		{7F50E085-0BB1-46C6-ABEB-4C4564711B1C}.AppStore|x64.Build.0 = AppStore|iPhoneSimulator
		{7F50E085-0BB1-46C6-ABEB-4C4564711B1C}.AppStore|x86.ActiveCfg = AppStore|iPhoneSimulator
		{7F50E085-0BB1-46C6-ABEB-4C4564711B1C}.AppStore|x86.Build.0 = AppStore|iPhoneSimulator
		{7F50E085-0BB1-46C6-ABEB-4C4564711B1C}.Debug|Any CPU.ActiveCfg = Debug|iPhoneSimulator
		{7F50E085-0BB1-46C6-ABEB-4C4564711B1C}.Debug|Any CPU.Build.0 = Debug|iPhoneSimulator
		{7F50E085-0BB1-46C6-ABEB-4C4564711B1C}.Debug|ARM.ActiveCfg = Debug|iPhoneSimulator
		{7F50E085-0BB1-46C6-ABEB-4C4564711B1C}.Debug|ARM.Build.0 = Debug|iPhoneSimulator
		{7F50E085-0BB1-46C6-ABEB-4C4564711B1C}.Debug|ARM64.ActiveCfg = Debug|iPhoneSimulator
		{7F50E085-0BB1-46C6-ABEB-4C4564711B1C}.Debug|ARM64.Build.0 = Debug|iPhoneSimulator
		{7F50E085-0BB1-46C6-ABEB-4C4564711B1C}.Debug|iPhone.ActiveCfg = Debug|iPhone
		{7F50E085-0BB1-46C6-ABEB-4C4564711B1C}.Debug|iPhone.Build.0 = Debug|iPhone
		{7F50E085-0BB1-46C6-ABEB-4C4564711B1C}.Debug|iPhoneSimulator.ActiveCfg = Debug|iPhoneSimulator
		{7F50E085-0BB1-46C6-ABEB-4C4564711B1C}.Debug|iPhoneSimulator.Build.0 = Debug|iPhoneSimulator
		{7F50E085-0BB1-46C6-ABEB-4C4564711B1C}.Debug|x64.ActiveCfg = Debug|iPhoneSimulator
		{7F50E085-0BB1-46C6-ABEB-4C4564711B1C}.Debug|x64.Build.0 = Debug|iPhoneSimulator
		{7F50E085-0BB1-46C6-ABEB-4C4564711B1C}.Debug|x86.ActiveCfg = Debug|iPhoneSimulator
		{7F50E085-0BB1-46C6-ABEB-4C4564711B1C}.Debug|x86.Build.0 = Debug|iPhoneSimulator
		{7F50E085-0BB1-46C6-ABEB-4C4564711B1C}.Release|Any CPU.ActiveCfg = Release|iPhoneSimulator
		{7F50E085-0BB1-46C6-ABEB-4C4564711B1C}.Release|Any CPU.Build.0 = Release|iPhoneSimulator
		{7F50E085-0BB1-46C6-ABEB-4C4564711B1C}.Release|ARM.ActiveCfg = Release|iPhoneSimulator
		{7F50E085-0BB1-46C6-ABEB-4C4564711B1C}.Release|ARM.Build.0 = Release|iPhoneSimulator
		{7F50E085-0BB1-46C6-ABEB-4C4564711B1C}.Release|ARM64.ActiveCfg = Release|iPhoneSimulator
		{7F50E085-0BB1-46C6-ABEB-4C4564711B1C}.Release|ARM64.Build.0 = Release|iPhoneSimulator
		{7F50E085-0BB1-46C6-ABEB-4C4564711B1C}.Release|iPhone.ActiveCfg = Release|iPhone
		{7F50E085-0BB1-46C6-ABEB-4C4564711B1C}.Release|iPhone.Build.0 = Release|iPhone
		{7F50E085-0BB1-46C6-ABEB-4C4564711B1C}.Release|iPhoneSimulator.ActiveCfg = Release|iPhoneSimulator
		{7F50E085-0BB1-46C6-ABEB-4C4564711B1C}.Release|iPhoneSimulator.Build.0 = Release|iPhoneSimulator
		{7F50E085-0BB1-46C6-ABEB-4C4564711B1C}.Release|x64.ActiveCfg = Release|iPhoneSimulator
		{7F50E085-0BB1-46C6-ABEB-4C4564711B1C}.Release|x64.Build.0 = Release|iPhoneSimulator
		{7F50E085-0BB1-46C6-ABEB-4C4564711B1C}.Release|x86.ActiveCfg = Release|iPhoneSimulator
		{7F50E085-0BB1-46C6-ABEB-4C4564711B1C}.Release|x86.Build.0 = Release|iPhoneSimulator
		{51FAA4A4-74FD-4207-94B3-8BE6B2E060C2}.Ad-Hoc|Any CPU.ActiveCfg = Debug|x86
		{51FAA4A4-74FD-4207-94B3-8BE6B2E060C2}.Ad-Hoc|Any CPU.Build.0 = Debug|x86
		{51FAA4A4-74FD-4207-94B3-8BE6B2E060C2}.Ad-Hoc|Any CPU.Deploy.0 = Debug|x86
		{51FAA4A4-74FD-4207-94B3-8BE6B2E060C2}.Ad-Hoc|ARM.ActiveCfg = Debug|ARM
		{51FAA4A4-74FD-4207-94B3-8BE6B2E060C2}.Ad-Hoc|ARM.Build.0 = Debug|ARM
		{51FAA4A4-74FD-4207-94B3-8BE6B2E060C2}.Ad-Hoc|ARM.Deploy.0 = Debug|ARM
		{51FAA4A4-74FD-4207-94B3-8BE6B2E060C2}.Ad-Hoc|ARM64.ActiveCfg = Debug|ARM64
		{51FAA4A4-74FD-4207-94B3-8BE6B2E060C2}.Ad-Hoc|ARM64.Build.0 = Debug|ARM64
		{51FAA4A4-74FD-4207-94B3-8BE6B2E060C2}.Ad-Hoc|ARM64.Deploy.0 = Debug|ARM64
		{51FAA4A4-74FD-4207-94B3-8BE6B2E060C2}.Ad-Hoc|iPhone.ActiveCfg = Debug|x86
		{51FAA4A4-74FD-4207-94B3-8BE6B2E060C2}.Ad-Hoc|iPhone.Build.0 = Debug|x86
		{51FAA4A4-74FD-4207-94B3-8BE6B2E060C2}.Ad-Hoc|iPhone.Deploy.0 = Debug|x86
		{51FAA4A4-74FD-4207-94B3-8BE6B2E060C2}.Ad-Hoc|iPhoneSimulator.ActiveCfg = Debug|x86
		{51FAA4A4-74FD-4207-94B3-8BE6B2E060C2}.Ad-Hoc|iPhoneSimulator.Build.0 = Debug|x86
		{51FAA4A4-74FD-4207-94B3-8BE6B2E060C2}.Ad-Hoc|iPhoneSimulator.Deploy.0 = Debug|x86
		{51FAA4A4-74FD-4207-94B3-8BE6B2E060C2}.Ad-Hoc|x64.ActiveCfg = Debug|x64
		{51FAA4A4-74FD-4207-94B3-8BE6B2E060C2}.Ad-Hoc|x64.Build.0 = Debug|x64
		{51FAA4A4-74FD-4207-94B3-8BE6B2E060C2}.Ad-Hoc|x64.Deploy.0 = Debug|x64
		{51FAA4A4-74FD-4207-94B3-8BE6B2E060C2}.Ad-Hoc|x86.ActiveCfg = Debug|x86
		{51FAA4A4-74FD-4207-94B3-8BE6B2E060C2}.Ad-Hoc|x86.Build.0 = Debug|x86
		{51FAA4A4-74FD-4207-94B3-8BE6B2E060C2}.Ad-Hoc|x86.Deploy.0 = Debug|x86
		{51FAA4A4-74FD-4207-94B3-8BE6B2E060C2}.AppStore|Any CPU.ActiveCfg = Debug|x86
		{51FAA4A4-74FD-4207-94B3-8BE6B2E060C2}.AppStore|Any CPU.Build.0 = Debug|x86
		{51FAA4A4-74FD-4207-94B3-8BE6B2E060C2}.AppStore|Any CPU.Deploy.0 = Debug|x86
		{51FAA4A4-74FD-4207-94B3-8BE6B2E060C2}.AppStore|ARM.ActiveCfg = Debug|ARM
		{51FAA4A4-74FD-4207-94B3-8BE6B2E060C2}.AppStore|ARM.Build.0 = Debug|ARM
		{51FAA4A4-74FD-4207-94B3-8BE6B2E060C2}.AppStore|ARM.Deploy.0 = Debug|ARM
		{51FAA4A4-74FD-4207-94B3-8BE6B2E060C2}.AppStore|ARM64.ActiveCfg = Debug|ARM64
		{51FAA4A4-74FD-4207-94B3-8BE6B2E060C2}.AppStore|ARM64.Build.0 = Debug|ARM64
		{51FAA4A4-74FD-4207-94B3-8BE6B2E060C2}.AppStore|ARM64.Deploy.0 = Debug|ARM64
		{51FAA4A4-74FD-4207-94B3-8BE6B2E060C2}.AppStore|iPhone.ActiveCfg = Debug|x86
		{51FAA4A4-74FD-4207-94B3-8BE6B2E060C2}.AppStore|iPhone.Build.0 = Debug|x86
		{51FAA4A4-74FD-4207-94B3-8BE6B2E060C2}.AppStore|iPhone.Deploy.0 = Debug|x86
		{51FAA4A4-74FD-4207-94B3-8BE6B2E060C2}.AppStore|iPhoneSimulator.ActiveCfg = Debug|x86
		{51FAA4A4-74FD-4207-94B3-8BE6B2E060C2}.AppStore|iPhoneSimulator.Build.0 = Debug|x86
		{51FAA4A4-74FD-4207-94B3-8BE6B2E060C2}.AppStore|iPhoneSimulator.Deploy.0 = Debug|x86
		{51FAA4A4-74FD-4207-94B3-8BE6B2E060C2}.AppStore|x64.ActiveCfg = Debug|x64
		{51FAA4A4-74FD-4207-94B3-8BE6B2E060C2}.AppStore|x64.Build.0 = Debug|x64
		{51FAA4A4-74FD-4207-94B3-8BE6B2E060C2}.AppStore|x64.Deploy.0 = Debug|x64
		{51FAA4A4-74FD-4207-94B3-8BE6B2E060C2}.AppStore|x86.ActiveCfg = Debug|x86
		{51FAA4A4-74FD-4207-94B3-8BE6B2E060C2}.AppStore|x86.Build.0 = Debug|x86
		{51FAA4A4-74FD-4207-94B3-8BE6B2E060C2}.AppStore|x86.Deploy.0 = Debug|x86
		{51FAA4A4-74FD-4207-94B3-8BE6B2E060C2}.Debug|Any CPU.ActiveCfg = Debug|x64
		{51FAA4A4-74FD-4207-94B3-8BE6B2E060C2}.Debug|Any CPU.Build.0 = Debug|x64
		{51FAA4A4-74FD-4207-94B3-8BE6B2E060C2}.Debug|Any CPU.Deploy.0 = Debug|x64
		{51FAA4A4-74FD-4207-94B3-8BE6B2E060C2}.Debug|ARM.ActiveCfg = Debug|ARM
		{51FAA4A4-74FD-4207-94B3-8BE6B2E060C2}.Debug|ARM.Build.0 = Debug|ARM
		{51FAA4A4-74FD-4207-94B3-8BE6B2E060C2}.Debug|ARM.Deploy.0 = Debug|ARM
		{51FAA4A4-74FD-4207-94B3-8BE6B2E060C2}.Debug|ARM64.ActiveCfg = Debug|ARM64
		{51FAA4A4-74FD-4207-94B3-8BE6B2E060C2}.Debug|ARM64.Build.0 = Debug|ARM64
		{51FAA4A4-74FD-4207-94B3-8BE6B2E060C2}.Debug|ARM64.Deploy.0 = Debug|ARM64
		{51FAA4A4-74FD-4207-94B3-8BE6B2E060C2}.Debug|iPhone.ActiveCfg = Debug|x64
		{51FAA4A4-74FD-4207-94B3-8BE6B2E060C2}.Debug|iPhone.Build.0 = Debug|x64
		{51FAA4A4-74FD-4207-94B3-8BE6B2E060C2}.Debug|iPhone.Deploy.0 = Debug|x64
		{51FAA4A4-74FD-4207-94B3-8BE6B2E060C2}.Debug|iPhoneSimulator.ActiveCfg = Debug|x64
		{51FAA4A4-74FD-4207-94B3-8BE6B2E060C2}.Debug|iPhoneSimulator.Build.0 = Debug|x64
		{51FAA4A4-74FD-4207-94B3-8BE6B2E060C2}.Debug|iPhoneSimulator.Deploy.0 = Debug|x64
		{51FAA4A4-74FD-4207-94B3-8BE6B2E060C2}.Debug|x64.ActiveCfg = Debug|x64
		{51FAA4A4-74FD-4207-94B3-8BE6B2E060C2}.Debug|x64.Build.0 = Debug|x64
		{51FAA4A4-74FD-4207-94B3-8BE6B2E060C2}.Debug|x64.Deploy.0 = Debug|x64
		{51FAA4A4-74FD-4207-94B3-8BE6B2E060C2}.Debug|x86.ActiveCfg = Debug|x86
		{51FAA4A4-74FD-4207-94B3-8BE6B2E060C2}.Debug|x86.Build.0 = Debug|x86
		{51FAA4A4-74FD-4207-94B3-8BE6B2E060C2}.Debug|x86.Deploy.0 = Debug|x86
		{51FAA4A4-74FD-4207-94B3-8BE6B2E060C2}.Release|Any CPU.ActiveCfg = Release|x64
		{51FAA4A4-74FD-4207-94B3-8BE6B2E060C2}.Release|Any CPU.Build.0 = Release|x64
		{51FAA4A4-74FD-4207-94B3-8BE6B2E060C2}.Release|Any CPU.Deploy.0 = Release|x64
		{51FAA4A4-74FD-4207-94B3-8BE6B2E060C2}.Release|ARM.ActiveCfg = Release|ARM
		{51FAA4A4-74FD-4207-94B3-8BE6B2E060C2}.Release|ARM.Build.0 = Release|ARM
		{51FAA4A4-74FD-4207-94B3-8BE6B2E060C2}.Release|ARM.Deploy.0 = Release|ARM
		{51FAA4A4-74FD-4207-94B3-8BE6B2E060C2}.Release|ARM64.ActiveCfg = Release|ARM64
		{51FAA4A4-74FD-4207-94B3-8BE6B2E060C2}.Release|ARM64.Build.0 = Release|ARM64
		{51FAA4A4-74FD-4207-94B3-8BE6B2E060C2}.Release|ARM64.Deploy.0 = Release|ARM64
		{51FAA4A4-74FD-4207-94B3-8BE6B2E060C2}.Release|iPhone.ActiveCfg = Release|x64
		{51FAA4A4-74FD-4207-94B3-8BE6B2E060C2}.Release|iPhone.Build.0 = Release|x64
		{51FAA4A4-74FD-4207-94B3-8BE6B2E060C2}.Release|iPhone.Deploy.0 = Release|x64
		{51FAA4A4-74FD-4207-94B3-8BE6B2E060C2}.Release|iPhoneSimulator.ActiveCfg = Release|x64
		{51FAA4A4-74FD-4207-94B3-8BE6B2E060C2}.Release|iPhoneSimulator.Build.0 = Release|x64
		{51FAA4A4-74FD-4207-94B3-8BE6B2E060C2}.Release|iPhoneSimulator.Deploy.0 = Release|x64
		{51FAA4A4-74FD-4207-94B3-8BE6B2E060C2}.Release|x64.ActiveCfg = Release|x64
		{51FAA4A4-74FD-4207-94B3-8BE6B2E060C2}.Release|x64.Build.0 = Release|x64
		{51FAA4A4-74FD-4207-94B3-8BE6B2E060C2}.Release|x64.Deploy.0 = Release|x64
		{51FAA4A4-74FD-4207-94B3-8BE6B2E060C2}.Release|x86.ActiveCfg = Release|x86
		{51FAA4A4-74FD-4207-94B3-8BE6B2E060C2}.Release|x86.Build.0 = Release|x86
		{51FAA4A4-74FD-4207-94B3-8BE6B2E060C2}.Release|x86.Deploy.0 = Release|x86
		{645DD26F-CC33-4ACE-A563-CDBD0E0C7DC0}.Ad-Hoc|Any CPU.ActiveCfg = Debug|Any CPU
		{645DD26F-CC33-4ACE-A563-CDBD0E0C7DC0}.Ad-Hoc|Any CPU.Build.0 = Debug|Any CPU
		{645DD26F-CC33-4ACE-A563-CDBD0E0C7DC0}.Ad-Hoc|ARM.ActiveCfg = Debug|Any CPU
		{645DD26F-CC33-4ACE-A563-CDBD0E0C7DC0}.Ad-Hoc|ARM.Build.0 = Debug|Any CPU
		{645DD26F-CC33-4ACE-A563-CDBD0E0C7DC0}.Ad-Hoc|ARM64.ActiveCfg = Debug|Any CPU
		{645DD26F-CC33-4ACE-A563-CDBD0E0C7DC0}.Ad-Hoc|ARM64.Build.0 = Debug|Any CPU
		{645DD26F-CC33-4ACE-A563-CDBD0E0C7DC0}.Ad-Hoc|iPhone.ActiveCfg = Debug|Any CPU
		{645DD26F-CC33-4ACE-A563-CDBD0E0C7DC0}.Ad-Hoc|iPhone.Build.0 = Debug|Any CPU
		{645DD26F-CC33-4ACE-A563-CDBD0E0C7DC0}.Ad-Hoc|iPhoneSimulator.ActiveCfg = Debug|Any CPU
		{645DD26F-CC33-4ACE-A563-CDBD0E0C7DC0}.Ad-Hoc|iPhoneSimulator.Build.0 = Debug|Any CPU
		{645DD26F-CC33-4ACE-A563-CDBD0E0C7DC0}.Ad-Hoc|x64.ActiveCfg = Debug|Any CPU
		{645DD26F-CC33-4ACE-A563-CDBD0E0C7DC0}.Ad-Hoc|x64.Build.0 = Debug|Any CPU
		{645DD26F-CC33-4ACE-A563-CDBD0E0C7DC0}.Ad-Hoc|x86.ActiveCfg = Debug|Any CPU
		{645DD26F-CC33-4ACE-A563-CDBD0E0C7DC0}.Ad-Hoc|x86.Build.0 = Debug|Any CPU
		{645DD26F-CC33-4ACE-A563-CDBD0E0C7DC0}.AppStore|Any CPU.ActiveCfg = Debug|Any CPU
		{645DD26F-CC33-4ACE-A563-CDBD0E0C7DC0}.AppStore|Any CPU.Build.0 = Debug|Any CPU
		{645DD26F-CC33-4ACE-A563-CDBD0E0C7DC0}.AppStore|ARM.ActiveCfg = Debug|Any CPU
		{645DD26F-CC33-4ACE-A563-CDBD0E0C7DC0}.AppStore|ARM.Build.0 = Debug|Any CPU
		{645DD26F-CC33-4ACE-A563-CDBD0E0C7DC0}.AppStore|ARM64.ActiveCfg = Debug|Any CPU
		{645DD26F-CC33-4ACE-A563-CDBD0E0C7DC0}.AppStore|ARM64.Build.0 = Debug|Any CPU
		{645DD26F-CC33-4ACE-A563-CDBD0E0C7DC0}.AppStore|iPhone.ActiveCfg = Debug|Any CPU
		{645DD26F-CC33-4ACE-A563-CDBD0E0C7DC0}.AppStore|iPhone.Build.0 = Debug|Any CPU
		{645DD26F-CC33-4ACE-A563-CDBD0E0C7DC0}.AppStore|iPhoneSimulator.ActiveCfg = Debug|Any CPU
		{645DD26F-CC33-4ACE-A563-CDBD0E0C7DC0}.AppStore|iPhoneSimulator.Build.0 = Debug|Any CPU
		{645DD26F-CC33-4ACE-A563-CDBD0E0C7DC0}.AppStore|x64.ActiveCfg = Debug|Any CPU
		{645DD26F-CC33-4ACE-A563-CDBD0E0C7DC0}.AppStore|x64.Build.0 = Debug|Any CPU
		{645DD26F-CC33-4ACE-A563-CDBD0E0C7DC0}.AppStore|x86.ActiveCfg = Debug|Any CPU
		{645DD26F-CC33-4ACE-A563-CDBD0E0C7DC0}.AppStore|x86.Build.0 = Debug|Any CPU
		{645DD26F-CC33-4ACE-A563-CDBD0E0C7DC0}.Debug|Any CPU.ActiveCfg = Debug|Any CPU
		{645DD26F-CC33-4ACE-A563-CDBD0E0C7DC0}.Debug|Any CPU.Build.0 = Debug|Any CPU
		{645DD26F-CC33-4ACE-A563-CDBD0E0C7DC0}.Debug|ARM.ActiveCfg = Debug|Any CPU
		{645DD26F-CC33-4ACE-A563-CDBD0E0C7DC0}.Debug|ARM.Build.0 = Debug|Any CPU
		{645DD26F-CC33-4ACE-A563-CDBD0E0C7DC0}.Debug|ARM64.ActiveCfg = Debug|Any CPU
		{645DD26F-CC33-4ACE-A563-CDBD0E0C7DC0}.Debug|ARM64.Build.0 = Debug|Any CPU
		{645DD26F-CC33-4ACE-A563-CDBD0E0C7DC0}.Debug|iPhone.ActiveCfg = Debug|Any CPU
		{645DD26F-CC33-4ACE-A563-CDBD0E0C7DC0}.Debug|iPhone.Build.0 = Debug|Any CPU
		{645DD26F-CC33-4ACE-A563-CDBD0E0C7DC0}.Debug|iPhoneSimulator.ActiveCfg = Debug|Any CPU
		{645DD26F-CC33-4ACE-A563-CDBD0E0C7DC0}.Debug|iPhoneSimulator.Build.0 = Debug|Any CPU
		{645DD26F-CC33-4ACE-A563-CDBD0E0C7DC0}.Debug|x64.ActiveCfg = Debug|Any CPU
		{645DD26F-CC33-4ACE-A563-CDBD0E0C7DC0}.Debug|x64.Build.0 = Debug|Any CPU
		{645DD26F-CC33-4ACE-A563-CDBD0E0C7DC0}.Debug|x86.ActiveCfg = Debug|Any CPU
		{645DD26F-CC33-4ACE-A563-CDBD0E0C7DC0}.Debug|x86.Build.0 = Debug|Any CPU
		{645DD26F-CC33-4ACE-A563-CDBD0E0C7DC0}.Release|Any CPU.ActiveCfg = Release|Any CPU
		{645DD26F-CC33-4ACE-A563-CDBD0E0C7DC0}.Release|Any CPU.Build.0 = Release|Any CPU
		{645DD26F-CC33-4ACE-A563-CDBD0E0C7DC0}.Release|ARM.ActiveCfg = Release|Any CPU
		{645DD26F-CC33-4ACE-A563-CDBD0E0C7DC0}.Release|ARM.Build.0 = Release|Any CPU
		{645DD26F-CC33-4ACE-A563-CDBD0E0C7DC0}.Release|ARM64.ActiveCfg = Release|Any CPU
		{645DD26F-CC33-4ACE-A563-CDBD0E0C7DC0}.Release|ARM64.Build.0 = Release|Any CPU
		{645DD26F-CC33-4ACE-A563-CDBD0E0C7DC0}.Release|iPhone.ActiveCfg = Release|Any CPU
		{645DD26F-CC33-4ACE-A563-CDBD0E0C7DC0}.Release|iPhone.Build.0 = Release|Any CPU
		{645DD26F-CC33-4ACE-A563-CDBD0E0C7DC0}.Release|iPhoneSimulator.ActiveCfg = Release|Any CPU
		{645DD26F-CC33-4ACE-A563-CDBD0E0C7DC0}.Release|iPhoneSimulator.Build.0 = Release|Any CPU
		{645DD26F-CC33-4ACE-A563-CDBD0E0C7DC0}.Release|x64.ActiveCfg = Release|Any CPU
		{645DD26F-CC33-4ACE-A563-CDBD0E0C7DC0}.Release|x64.Build.0 = Release|Any CPU
		{645DD26F-CC33-4ACE-A563-CDBD0E0C7DC0}.Release|x86.ActiveCfg = Release|Any CPU
		{645DD26F-CC33-4ACE-A563-CDBD0E0C7DC0}.Release|x86.Build.0 = Release|Any CPU
		{F898E7BF-7937-4788-A8EB-45C773A54FB7}.Ad-Hoc|Any CPU.ActiveCfg = Debug|iPhoneSimulator
		{F898E7BF-7937-4788-A8EB-45C773A54FB7}.Ad-Hoc|Any CPU.Build.0 = Debug|iPhoneSimulator
		{F898E7BF-7937-4788-A8EB-45C773A54FB7}.Ad-Hoc|ARM.ActiveCfg = Debug|iPhoneSimulator
		{F898E7BF-7937-4788-A8EB-45C773A54FB7}.Ad-Hoc|ARM.Build.0 = Debug|iPhoneSimulator
		{F898E7BF-7937-4788-A8EB-45C773A54FB7}.Ad-Hoc|ARM64.ActiveCfg = Debug|iPhoneSimulator
		{F898E7BF-7937-4788-A8EB-45C773A54FB7}.Ad-Hoc|ARM64.Build.0 = Debug|iPhoneSimulator
		{F898E7BF-7937-4788-A8EB-45C773A54FB7}.Ad-Hoc|iPhone.ActiveCfg = Debug|iPhoneSimulator
		{F898E7BF-7937-4788-A8EB-45C773A54FB7}.Ad-Hoc|iPhone.Build.0 = Debug|iPhoneSimulator
		{F898E7BF-7937-4788-A8EB-45C773A54FB7}.Ad-Hoc|iPhoneSimulator.ActiveCfg = Debug|iPhoneSimulator
		{F898E7BF-7937-4788-A8EB-45C773A54FB7}.Ad-Hoc|iPhoneSimulator.Build.0 = Debug|iPhoneSimulator
		{F898E7BF-7937-4788-A8EB-45C773A54FB7}.Ad-Hoc|x64.ActiveCfg = Debug|iPhoneSimulator
		{F898E7BF-7937-4788-A8EB-45C773A54FB7}.Ad-Hoc|x64.Build.0 = Debug|iPhoneSimulator
		{F898E7BF-7937-4788-A8EB-45C773A54FB7}.Ad-Hoc|x86.ActiveCfg = Debug|iPhoneSimulator
		{F898E7BF-7937-4788-A8EB-45C773A54FB7}.Ad-Hoc|x86.Build.0 = Debug|iPhoneSimulator
		{F898E7BF-7937-4788-A8EB-45C773A54FB7}.AppStore|Any CPU.ActiveCfg = Debug|iPhoneSimulator
		{F898E7BF-7937-4788-A8EB-45C773A54FB7}.AppStore|Any CPU.Build.0 = Debug|iPhoneSimulator
		{F898E7BF-7937-4788-A8EB-45C773A54FB7}.AppStore|ARM.ActiveCfg = Debug|iPhoneSimulator
		{F898E7BF-7937-4788-A8EB-45C773A54FB7}.AppStore|ARM.Build.0 = Debug|iPhoneSimulator
		{F898E7BF-7937-4788-A8EB-45C773A54FB7}.AppStore|ARM64.ActiveCfg = Debug|iPhoneSimulator
		{F898E7BF-7937-4788-A8EB-45C773A54FB7}.AppStore|ARM64.Build.0 = Debug|iPhoneSimulator
		{F898E7BF-7937-4788-A8EB-45C773A54FB7}.AppStore|iPhone.ActiveCfg = Debug|iPhoneSimulator
		{F898E7BF-7937-4788-A8EB-45C773A54FB7}.AppStore|iPhone.Build.0 = Debug|iPhoneSimulator
		{F898E7BF-7937-4788-A8EB-45C773A54FB7}.AppStore|iPhoneSimulator.ActiveCfg = Debug|iPhoneSimulator
		{F898E7BF-7937-4788-A8EB-45C773A54FB7}.AppStore|iPhoneSimulator.Build.0 = Debug|iPhoneSimulator
		{F898E7BF-7937-4788-A8EB-45C773A54FB7}.AppStore|x64.ActiveCfg = Debug|iPhoneSimulator
		{F898E7BF-7937-4788-A8EB-45C773A54FB7}.AppStore|x64.Build.0 = Debug|iPhoneSimulator
		{F898E7BF-7937-4788-A8EB-45C773A54FB7}.AppStore|x86.ActiveCfg = Debug|iPhoneSimulator
		{F898E7BF-7937-4788-A8EB-45C773A54FB7}.AppStore|x86.Build.0 = Debug|iPhoneSimulator
		{F898E7BF-7937-4788-A8EB-45C773A54FB7}.Debug|Any CPU.ActiveCfg = Debug|iPhoneSimulator
		{F898E7BF-7937-4788-A8EB-45C773A54FB7}.Debug|Any CPU.Build.0 = Debug|iPhoneSimulator
		{F898E7BF-7937-4788-A8EB-45C773A54FB7}.Debug|ARM.ActiveCfg = Debug|iPhoneSimulator
		{F898E7BF-7937-4788-A8EB-45C773A54FB7}.Debug|ARM.Build.0 = Debug|iPhoneSimulator
		{F898E7BF-7937-4788-A8EB-45C773A54FB7}.Debug|ARM64.ActiveCfg = Debug|iPhoneSimulator
		{F898E7BF-7937-4788-A8EB-45C773A54FB7}.Debug|ARM64.Build.0 = Debug|iPhoneSimulator
		{F898E7BF-7937-4788-A8EB-45C773A54FB7}.Debug|iPhone.ActiveCfg = Debug|iPhoneSimulator
		{F898E7BF-7937-4788-A8EB-45C773A54FB7}.Debug|iPhone.Build.0 = Debug|iPhoneSimulator
		{F898E7BF-7937-4788-A8EB-45C773A54FB7}.Debug|iPhoneSimulator.ActiveCfg = Debug|iPhoneSimulator
		{F898E7BF-7937-4788-A8EB-45C773A54FB7}.Debug|iPhoneSimulator.Build.0 = Debug|iPhoneSimulator
		{F898E7BF-7937-4788-A8EB-45C773A54FB7}.Debug|x64.ActiveCfg = Debug|iPhoneSimulator
		{F898E7BF-7937-4788-A8EB-45C773A54FB7}.Debug|x64.Build.0 = Debug|iPhoneSimulator
		{F898E7BF-7937-4788-A8EB-45C773A54FB7}.Debug|x86.ActiveCfg = Debug|iPhoneSimulator
		{F898E7BF-7937-4788-A8EB-45C773A54FB7}.Debug|x86.Build.0 = Debug|iPhoneSimulator
		{F898E7BF-7937-4788-A8EB-45C773A54FB7}.Release|Any CPU.ActiveCfg = Release|iPhoneSimulator
		{F898E7BF-7937-4788-A8EB-45C773A54FB7}.Release|Any CPU.Build.0 = Release|iPhoneSimulator
		{F898E7BF-7937-4788-A8EB-45C773A54FB7}.Release|ARM.ActiveCfg = Release|iPhoneSimulator
		{F898E7BF-7937-4788-A8EB-45C773A54FB7}.Release|ARM.Build.0 = Release|iPhoneSimulator
		{F898E7BF-7937-4788-A8EB-45C773A54FB7}.Release|ARM64.ActiveCfg = Release|iPhoneSimulator
		{F898E7BF-7937-4788-A8EB-45C773A54FB7}.Release|ARM64.Build.0 = Release|iPhoneSimulator
		{F898E7BF-7937-4788-A8EB-45C773A54FB7}.Release|iPhone.ActiveCfg = Release|iPhoneSimulator
		{F898E7BF-7937-4788-A8EB-45C773A54FB7}.Release|iPhone.Build.0 = Release|iPhoneSimulator
		{F898E7BF-7937-4788-A8EB-45C773A54FB7}.Release|iPhoneSimulator.ActiveCfg = Release|iPhoneSimulator
		{F898E7BF-7937-4788-A8EB-45C773A54FB7}.Release|iPhoneSimulator.Build.0 = Release|iPhoneSimulator
		{F898E7BF-7937-4788-A8EB-45C773A54FB7}.Release|x64.ActiveCfg = Release|iPhoneSimulator
		{F898E7BF-7937-4788-A8EB-45C773A54FB7}.Release|x64.Build.0 = Release|iPhoneSimulator
		{F898E7BF-7937-4788-A8EB-45C773A54FB7}.Release|x86.ActiveCfg = Release|iPhoneSimulator
		{F898E7BF-7937-4788-A8EB-45C773A54FB7}.Release|x86.Build.0 = Release|iPhoneSimulator
		{E3E40EDB-DCB3-425C-A19E-DCE007D3063B}.Ad-Hoc|Any CPU.ActiveCfg = Debug|Any CPU
		{E3E40EDB-DCB3-425C-A19E-DCE007D3063B}.Ad-Hoc|Any CPU.Build.0 = Debug|Any CPU
		{E3E40EDB-DCB3-425C-A19E-DCE007D3063B}.Ad-Hoc|ARM.ActiveCfg = Debug|Any CPU
		{E3E40EDB-DCB3-425C-A19E-DCE007D3063B}.Ad-Hoc|ARM.Build.0 = Debug|Any CPU
		{E3E40EDB-DCB3-425C-A19E-DCE007D3063B}.Ad-Hoc|ARM64.ActiveCfg = Debug|Any CPU
		{E3E40EDB-DCB3-425C-A19E-DCE007D3063B}.Ad-Hoc|ARM64.Build.0 = Debug|Any CPU
		{E3E40EDB-DCB3-425C-A19E-DCE007D3063B}.Ad-Hoc|iPhone.ActiveCfg = Debug|Any CPU
		{E3E40EDB-DCB3-425C-A19E-DCE007D3063B}.Ad-Hoc|iPhone.Build.0 = Debug|Any CPU
		{E3E40EDB-DCB3-425C-A19E-DCE007D3063B}.Ad-Hoc|iPhoneSimulator.ActiveCfg = Debug|Any CPU
		{E3E40EDB-DCB3-425C-A19E-DCE007D3063B}.Ad-Hoc|iPhoneSimulator.Build.0 = Debug|Any CPU
		{E3E40EDB-DCB3-425C-A19E-DCE007D3063B}.Ad-Hoc|x64.ActiveCfg = Debug|Any CPU
		{E3E40EDB-DCB3-425C-A19E-DCE007D3063B}.Ad-Hoc|x64.Build.0 = Debug|Any CPU
		{E3E40EDB-DCB3-425C-A19E-DCE007D3063B}.Ad-Hoc|x86.ActiveCfg = Debug|Any CPU
		{E3E40EDB-DCB3-425C-A19E-DCE007D3063B}.Ad-Hoc|x86.Build.0 = Debug|Any CPU
		{E3E40EDB-DCB3-425C-A19E-DCE007D3063B}.AppStore|Any CPU.ActiveCfg = Debug|Any CPU
		{E3E40EDB-DCB3-425C-A19E-DCE007D3063B}.AppStore|Any CPU.Build.0 = Debug|Any CPU
		{E3E40EDB-DCB3-425C-A19E-DCE007D3063B}.AppStore|ARM.ActiveCfg = Debug|Any CPU
		{E3E40EDB-DCB3-425C-A19E-DCE007D3063B}.AppStore|ARM.Build.0 = Debug|Any CPU
		{E3E40EDB-DCB3-425C-A19E-DCE007D3063B}.AppStore|ARM64.ActiveCfg = Debug|Any CPU
		{E3E40EDB-DCB3-425C-A19E-DCE007D3063B}.AppStore|ARM64.Build.0 = Debug|Any CPU
		{E3E40EDB-DCB3-425C-A19E-DCE007D3063B}.AppStore|iPhone.ActiveCfg = Debug|Any CPU
		{E3E40EDB-DCB3-425C-A19E-DCE007D3063B}.AppStore|iPhone.Build.0 = Debug|Any CPU
		{E3E40EDB-DCB3-425C-A19E-DCE007D3063B}.AppStore|iPhoneSimulator.ActiveCfg = Debug|Any CPU
		{E3E40EDB-DCB3-425C-A19E-DCE007D3063B}.AppStore|iPhoneSimulator.Build.0 = Debug|Any CPU
		{E3E40EDB-DCB3-425C-A19E-DCE007D3063B}.AppStore|x64.ActiveCfg = Debug|Any CPU
		{E3E40EDB-DCB3-425C-A19E-DCE007D3063B}.AppStore|x64.Build.0 = Debug|Any CPU
		{E3E40EDB-DCB3-425C-A19E-DCE007D3063B}.AppStore|x86.ActiveCfg = Debug|Any CPU
		{E3E40EDB-DCB3-425C-A19E-DCE007D3063B}.AppStore|x86.Build.0 = Debug|Any CPU
		{E3E40EDB-DCB3-425C-A19E-DCE007D3063B}.Debug|Any CPU.ActiveCfg = Debug|Any CPU
		{E3E40EDB-DCB3-425C-A19E-DCE007D3063B}.Debug|Any CPU.Build.0 = Debug|Any CPU
		{E3E40EDB-DCB3-425C-A19E-DCE007D3063B}.Debug|ARM.ActiveCfg = Debug|Any CPU
		{E3E40EDB-DCB3-425C-A19E-DCE007D3063B}.Debug|ARM.Build.0 = Debug|Any CPU
		{E3E40EDB-DCB3-425C-A19E-DCE007D3063B}.Debug|ARM64.ActiveCfg = Debug|Any CPU
		{E3E40EDB-DCB3-425C-A19E-DCE007D3063B}.Debug|ARM64.Build.0 = Debug|Any CPU
		{E3E40EDB-DCB3-425C-A19E-DCE007D3063B}.Debug|iPhone.ActiveCfg = Debug|Any CPU
		{E3E40EDB-DCB3-425C-A19E-DCE007D3063B}.Debug|iPhone.Build.0 = Debug|Any CPU
		{E3E40EDB-DCB3-425C-A19E-DCE007D3063B}.Debug|iPhoneSimulator.ActiveCfg = Debug|Any CPU
		{E3E40EDB-DCB3-425C-A19E-DCE007D3063B}.Debug|iPhoneSimulator.Build.0 = Debug|Any CPU
		{E3E40EDB-DCB3-425C-A19E-DCE007D3063B}.Debug|x64.ActiveCfg = Debug|Any CPU
		{E3E40EDB-DCB3-425C-A19E-DCE007D3063B}.Debug|x64.Build.0 = Debug|Any CPU
		{E3E40EDB-DCB3-425C-A19E-DCE007D3063B}.Debug|x86.ActiveCfg = Debug|Any CPU
		{E3E40EDB-DCB3-425C-A19E-DCE007D3063B}.Debug|x86.Build.0 = Debug|Any CPU
		{E3E40EDB-DCB3-425C-A19E-DCE007D3063B}.Release|Any CPU.ActiveCfg = Release|Any CPU
		{E3E40EDB-DCB3-425C-A19E-DCE007D3063B}.Release|Any CPU.Build.0 = Release|Any CPU
		{E3E40EDB-DCB3-425C-A19E-DCE007D3063B}.Release|ARM.ActiveCfg = Release|Any CPU
		{E3E40EDB-DCB3-425C-A19E-DCE007D3063B}.Release|ARM.Build.0 = Release|Any CPU
		{E3E40EDB-DCB3-425C-A19E-DCE007D3063B}.Release|ARM64.ActiveCfg = Release|Any CPU
		{E3E40EDB-DCB3-425C-A19E-DCE007D3063B}.Release|ARM64.Build.0 = Release|Any CPU
		{E3E40EDB-DCB3-425C-A19E-DCE007D3063B}.Release|iPhone.ActiveCfg = Release|Any CPU
		{E3E40EDB-DCB3-425C-A19E-DCE007D3063B}.Release|iPhone.Build.0 = Release|Any CPU
		{E3E40EDB-DCB3-425C-A19E-DCE007D3063B}.Release|iPhoneSimulator.ActiveCfg = Release|Any CPU
		{E3E40EDB-DCB3-425C-A19E-DCE007D3063B}.Release|iPhoneSimulator.Build.0 = Release|Any CPU
		{E3E40EDB-DCB3-425C-A19E-DCE007D3063B}.Release|x64.ActiveCfg = Release|Any CPU
		{E3E40EDB-DCB3-425C-A19E-DCE007D3063B}.Release|x64.Build.0 = Release|Any CPU
		{E3E40EDB-DCB3-425C-A19E-DCE007D3063B}.Release|x86.ActiveCfg = Release|Any CPU
		{E3E40EDB-DCB3-425C-A19E-DCE007D3063B}.Release|x86.Build.0 = Release|Any CPU
		{1D6E3B38-A07C-4A03-A787-CD6CE57F5BCE}.Ad-Hoc|Any CPU.ActiveCfg = Debug|Any CPU
		{1D6E3B38-A07C-4A03-A787-CD6CE57F5BCE}.Ad-Hoc|Any CPU.Build.0 = Debug|Any CPU
		{1D6E3B38-A07C-4A03-A787-CD6CE57F5BCE}.Ad-Hoc|ARM.ActiveCfg = Debug|Any CPU
		{1D6E3B38-A07C-4A03-A787-CD6CE57F5BCE}.Ad-Hoc|ARM.Build.0 = Debug|Any CPU
		{1D6E3B38-A07C-4A03-A787-CD6CE57F5BCE}.Ad-Hoc|ARM64.ActiveCfg = Debug|Any CPU
		{1D6E3B38-A07C-4A03-A787-CD6CE57F5BCE}.Ad-Hoc|ARM64.Build.0 = Debug|Any CPU
		{1D6E3B38-A07C-4A03-A787-CD6CE57F5BCE}.Ad-Hoc|iPhone.ActiveCfg = Debug|Any CPU
		{1D6E3B38-A07C-4A03-A787-CD6CE57F5BCE}.Ad-Hoc|iPhone.Build.0 = Debug|Any CPU
		{1D6E3B38-A07C-4A03-A787-CD6CE57F5BCE}.Ad-Hoc|iPhoneSimulator.ActiveCfg = Debug|Any CPU
		{1D6E3B38-A07C-4A03-A787-CD6CE57F5BCE}.Ad-Hoc|iPhoneSimulator.Build.0 = Debug|Any CPU
		{1D6E3B38-A07C-4A03-A787-CD6CE57F5BCE}.Ad-Hoc|x64.ActiveCfg = Debug|Any CPU
		{1D6E3B38-A07C-4A03-A787-CD6CE57F5BCE}.Ad-Hoc|x64.Build.0 = Debug|Any CPU
		{1D6E3B38-A07C-4A03-A787-CD6CE57F5BCE}.Ad-Hoc|x86.ActiveCfg = Debug|Any CPU
		{1D6E3B38-A07C-4A03-A787-CD6CE57F5BCE}.Ad-Hoc|x86.Build.0 = Debug|Any CPU
		{1D6E3B38-A07C-4A03-A787-CD6CE57F5BCE}.AppStore|Any CPU.ActiveCfg = Debug|Any CPU
		{1D6E3B38-A07C-4A03-A787-CD6CE57F5BCE}.AppStore|Any CPU.Build.0 = Debug|Any CPU
		{1D6E3B38-A07C-4A03-A787-CD6CE57F5BCE}.AppStore|ARM.ActiveCfg = Debug|Any CPU
		{1D6E3B38-A07C-4A03-A787-CD6CE57F5BCE}.AppStore|ARM.Build.0 = Debug|Any CPU
		{1D6E3B38-A07C-4A03-A787-CD6CE57F5BCE}.AppStore|ARM64.ActiveCfg = Debug|Any CPU
		{1D6E3B38-A07C-4A03-A787-CD6CE57F5BCE}.AppStore|ARM64.Build.0 = Debug|Any CPU
		{1D6E3B38-A07C-4A03-A787-CD6CE57F5BCE}.AppStore|iPhone.ActiveCfg = Debug|Any CPU
		{1D6E3B38-A07C-4A03-A787-CD6CE57F5BCE}.AppStore|iPhone.Build.0 = Debug|Any CPU
		{1D6E3B38-A07C-4A03-A787-CD6CE57F5BCE}.AppStore|iPhoneSimulator.ActiveCfg = Debug|Any CPU
		{1D6E3B38-A07C-4A03-A787-CD6CE57F5BCE}.AppStore|iPhoneSimulator.Build.0 = Debug|Any CPU
		{1D6E3B38-A07C-4A03-A787-CD6CE57F5BCE}.AppStore|x64.ActiveCfg = Debug|Any CPU
		{1D6E3B38-A07C-4A03-A787-CD6CE57F5BCE}.AppStore|x64.Build.0 = Debug|Any CPU
		{1D6E3B38-A07C-4A03-A787-CD6CE57F5BCE}.AppStore|x86.ActiveCfg = Debug|Any CPU
		{1D6E3B38-A07C-4A03-A787-CD6CE57F5BCE}.AppStore|x86.Build.0 = Debug|Any CPU
		{1D6E3B38-A07C-4A03-A787-CD6CE57F5BCE}.Debug|Any CPU.ActiveCfg = Debug|Any CPU
		{1D6E3B38-A07C-4A03-A787-CD6CE57F5BCE}.Debug|Any CPU.Build.0 = Debug|Any CPU
		{1D6E3B38-A07C-4A03-A787-CD6CE57F5BCE}.Debug|ARM.ActiveCfg = Debug|Any CPU
		{1D6E3B38-A07C-4A03-A787-CD6CE57F5BCE}.Debug|ARM.Build.0 = Debug|Any CPU
		{1D6E3B38-A07C-4A03-A787-CD6CE57F5BCE}.Debug|ARM64.ActiveCfg = Debug|Any CPU
		{1D6E3B38-A07C-4A03-A787-CD6CE57F5BCE}.Debug|ARM64.Build.0 = Debug|Any CPU
		{1D6E3B38-A07C-4A03-A787-CD6CE57F5BCE}.Debug|iPhone.ActiveCfg = Debug|Any CPU
		{1D6E3B38-A07C-4A03-A787-CD6CE57F5BCE}.Debug|iPhone.Build.0 = Debug|Any CPU
		{1D6E3B38-A07C-4A03-A787-CD6CE57F5BCE}.Debug|iPhoneSimulator.ActiveCfg = Debug|Any CPU
		{1D6E3B38-A07C-4A03-A787-CD6CE57F5BCE}.Debug|iPhoneSimulator.Build.0 = Debug|Any CPU
		{1D6E3B38-A07C-4A03-A787-CD6CE57F5BCE}.Debug|x64.ActiveCfg = Debug|Any CPU
		{1D6E3B38-A07C-4A03-A787-CD6CE57F5BCE}.Debug|x64.Build.0 = Debug|Any CPU
		{1D6E3B38-A07C-4A03-A787-CD6CE57F5BCE}.Debug|x86.ActiveCfg = Debug|Any CPU
		{1D6E3B38-A07C-4A03-A787-CD6CE57F5BCE}.Debug|x86.Build.0 = Debug|Any CPU
		{1D6E3B38-A07C-4A03-A787-CD6CE57F5BCE}.Release|Any CPU.ActiveCfg = Release|Any CPU
		{1D6E3B38-A07C-4A03-A787-CD6CE57F5BCE}.Release|Any CPU.Build.0 = Release|Any CPU
		{1D6E3B38-A07C-4A03-A787-CD6CE57F5BCE}.Release|ARM.ActiveCfg = Release|Any CPU
		{1D6E3B38-A07C-4A03-A787-CD6CE57F5BCE}.Release|ARM.Build.0 = Release|Any CPU
		{1D6E3B38-A07C-4A03-A787-CD6CE57F5BCE}.Release|ARM64.ActiveCfg = Release|Any CPU
		{1D6E3B38-A07C-4A03-A787-CD6CE57F5BCE}.Release|ARM64.Build.0 = Release|Any CPU
		{1D6E3B38-A07C-4A03-A787-CD6CE57F5BCE}.Release|iPhone.ActiveCfg = Release|Any CPU
		{1D6E3B38-A07C-4A03-A787-CD6CE57F5BCE}.Release|iPhone.Build.0 = Release|Any CPU
		{1D6E3B38-A07C-4A03-A787-CD6CE57F5BCE}.Release|iPhoneSimulator.ActiveCfg = Release|Any CPU
		{1D6E3B38-A07C-4A03-A787-CD6CE57F5BCE}.Release|iPhoneSimulator.Build.0 = Release|Any CPU
		{1D6E3B38-A07C-4A03-A787-CD6CE57F5BCE}.Release|x64.ActiveCfg = Release|Any CPU
		{1D6E3B38-A07C-4A03-A787-CD6CE57F5BCE}.Release|x64.Build.0 = Release|Any CPU
		{1D6E3B38-A07C-4A03-A787-CD6CE57F5BCE}.Release|x86.ActiveCfg = Release|Any CPU
		{1D6E3B38-A07C-4A03-A787-CD6CE57F5BCE}.Release|x86.Build.0 = Release|Any CPU
		{3402675E-1E1D-4DDE-AD30-CEB640605C27}.Ad-Hoc|Any CPU.ActiveCfg = Debug|Any CPU
		{3402675E-1E1D-4DDE-AD30-CEB640605C27}.Ad-Hoc|Any CPU.Build.0 = Debug|Any CPU
		{3402675E-1E1D-4DDE-AD30-CEB640605C27}.Ad-Hoc|ARM.ActiveCfg = Debug|Any CPU
		{3402675E-1E1D-4DDE-AD30-CEB640605C27}.Ad-Hoc|ARM.Build.0 = Debug|Any CPU
		{3402675E-1E1D-4DDE-AD30-CEB640605C27}.Ad-Hoc|ARM64.ActiveCfg = Debug|Any CPU
		{3402675E-1E1D-4DDE-AD30-CEB640605C27}.Ad-Hoc|ARM64.Build.0 = Debug|Any CPU
		{3402675E-1E1D-4DDE-AD30-CEB640605C27}.Ad-Hoc|iPhone.ActiveCfg = Debug|Any CPU
		{3402675E-1E1D-4DDE-AD30-CEB640605C27}.Ad-Hoc|iPhone.Build.0 = Debug|Any CPU
		{3402675E-1E1D-4DDE-AD30-CEB640605C27}.Ad-Hoc|iPhoneSimulator.ActiveCfg = Debug|Any CPU
		{3402675E-1E1D-4DDE-AD30-CEB640605C27}.Ad-Hoc|iPhoneSimulator.Build.0 = Debug|Any CPU
		{3402675E-1E1D-4DDE-AD30-CEB640605C27}.Ad-Hoc|x64.ActiveCfg = Debug|Any CPU
		{3402675E-1E1D-4DDE-AD30-CEB640605C27}.Ad-Hoc|x64.Build.0 = Debug|Any CPU
		{3402675E-1E1D-4DDE-AD30-CEB640605C27}.Ad-Hoc|x86.ActiveCfg = Debug|Any CPU
		{3402675E-1E1D-4DDE-AD30-CEB640605C27}.Ad-Hoc|x86.Build.0 = Debug|Any CPU
		{3402675E-1E1D-4DDE-AD30-CEB640605C27}.AppStore|Any CPU.ActiveCfg = Debug|Any CPU
		{3402675E-1E1D-4DDE-AD30-CEB640605C27}.AppStore|Any CPU.Build.0 = Debug|Any CPU
		{3402675E-1E1D-4DDE-AD30-CEB640605C27}.AppStore|ARM.ActiveCfg = Debug|Any CPU
		{3402675E-1E1D-4DDE-AD30-CEB640605C27}.AppStore|ARM.Build.0 = Debug|Any CPU
		{3402675E-1E1D-4DDE-AD30-CEB640605C27}.AppStore|ARM64.ActiveCfg = Debug|Any CPU
		{3402675E-1E1D-4DDE-AD30-CEB640605C27}.AppStore|ARM64.Build.0 = Debug|Any CPU
		{3402675E-1E1D-4DDE-AD30-CEB640605C27}.AppStore|iPhone.ActiveCfg = Debug|Any CPU
		{3402675E-1E1D-4DDE-AD30-CEB640605C27}.AppStore|iPhone.Build.0 = Debug|Any CPU
		{3402675E-1E1D-4DDE-AD30-CEB640605C27}.AppStore|iPhoneSimulator.ActiveCfg = Debug|Any CPU
		{3402675E-1E1D-4DDE-AD30-CEB640605C27}.AppStore|iPhoneSimulator.Build.0 = Debug|Any CPU
		{3402675E-1E1D-4DDE-AD30-CEB640605C27}.AppStore|x64.ActiveCfg = Debug|Any CPU
		{3402675E-1E1D-4DDE-AD30-CEB640605C27}.AppStore|x64.Build.0 = Debug|Any CPU
		{3402675E-1E1D-4DDE-AD30-CEB640605C27}.AppStore|x86.ActiveCfg = Debug|Any CPU
		{3402675E-1E1D-4DDE-AD30-CEB640605C27}.AppStore|x86.Build.0 = Debug|Any CPU
		{3402675E-1E1D-4DDE-AD30-CEB640605C27}.Debug|Any CPU.ActiveCfg = Debug|Any CPU
		{3402675E-1E1D-4DDE-AD30-CEB640605C27}.Debug|Any CPU.Build.0 = Debug|Any CPU
		{3402675E-1E1D-4DDE-AD30-CEB640605C27}.Debug|ARM.ActiveCfg = Debug|Any CPU
		{3402675E-1E1D-4DDE-AD30-CEB640605C27}.Debug|ARM.Build.0 = Debug|Any CPU
		{3402675E-1E1D-4DDE-AD30-CEB640605C27}.Debug|ARM64.ActiveCfg = Debug|Any CPU
		{3402675E-1E1D-4DDE-AD30-CEB640605C27}.Debug|ARM64.Build.0 = Debug|Any CPU
		{3402675E-1E1D-4DDE-AD30-CEB640605C27}.Debug|iPhone.ActiveCfg = Debug|Any CPU
		{3402675E-1E1D-4DDE-AD30-CEB640605C27}.Debug|iPhone.Build.0 = Debug|Any CPU
		{3402675E-1E1D-4DDE-AD30-CEB640605C27}.Debug|iPhoneSimulator.ActiveCfg = Debug|Any CPU
		{3402675E-1E1D-4DDE-AD30-CEB640605C27}.Debug|iPhoneSimulator.Build.0 = Debug|Any CPU
		{3402675E-1E1D-4DDE-AD30-CEB640605C27}.Debug|x64.ActiveCfg = Debug|Any CPU
		{3402675E-1E1D-4DDE-AD30-CEB640605C27}.Debug|x64.Build.0 = Debug|Any CPU
		{3402675E-1E1D-4DDE-AD30-CEB640605C27}.Debug|x86.ActiveCfg = Debug|Any CPU
		{3402675E-1E1D-4DDE-AD30-CEB640605C27}.Debug|x86.Build.0 = Debug|Any CPU
		{3402675E-1E1D-4DDE-AD30-CEB640605C27}.Release|Any CPU.ActiveCfg = Release|Any CPU
		{3402675E-1E1D-4DDE-AD30-CEB640605C27}.Release|Any CPU.Build.0 = Release|Any CPU
		{3402675E-1E1D-4DDE-AD30-CEB640605C27}.Release|ARM.ActiveCfg = Release|Any CPU
		{3402675E-1E1D-4DDE-AD30-CEB640605C27}.Release|ARM.Build.0 = Release|Any CPU
		{3402675E-1E1D-4DDE-AD30-CEB640605C27}.Release|ARM64.ActiveCfg = Release|Any CPU
		{3402675E-1E1D-4DDE-AD30-CEB640605C27}.Release|ARM64.Build.0 = Release|Any CPU
		{3402675E-1E1D-4DDE-AD30-CEB640605C27}.Release|iPhone.ActiveCfg = Release|Any CPU
		{3402675E-1E1D-4DDE-AD30-CEB640605C27}.Release|iPhone.Build.0 = Release|Any CPU
		{3402675E-1E1D-4DDE-AD30-CEB640605C27}.Release|iPhoneSimulator.ActiveCfg = Release|Any CPU
		{3402675E-1E1D-4DDE-AD30-CEB640605C27}.Release|iPhoneSimulator.Build.0 = Release|Any CPU
		{3402675E-1E1D-4DDE-AD30-CEB640605C27}.Release|x64.ActiveCfg = Release|Any CPU
		{3402675E-1E1D-4DDE-AD30-CEB640605C27}.Release|x64.Build.0 = Release|Any CPU
		{3402675E-1E1D-4DDE-AD30-CEB640605C27}.Release|x86.ActiveCfg = Release|Any CPU
		{3402675E-1E1D-4DDE-AD30-CEB640605C27}.Release|x86.Build.0 = Release|Any CPU
		{7934B1EA-A853-4BF6-8BFE-3108E24E4777}.Ad-Hoc|Any CPU.ActiveCfg = Debug|Any CPU
		{7934B1EA-A853-4BF6-8BFE-3108E24E4777}.Ad-Hoc|Any CPU.Build.0 = Debug|Any CPU
		{7934B1EA-A853-4BF6-8BFE-3108E24E4777}.Ad-Hoc|ARM.ActiveCfg = Debug|Any CPU
		{7934B1EA-A853-4BF6-8BFE-3108E24E4777}.Ad-Hoc|ARM.Build.0 = Debug|Any CPU
		{7934B1EA-A853-4BF6-8BFE-3108E24E4777}.Ad-Hoc|ARM64.ActiveCfg = Debug|Any CPU
		{7934B1EA-A853-4BF6-8BFE-3108E24E4777}.Ad-Hoc|ARM64.Build.0 = Debug|Any CPU
		{7934B1EA-A853-4BF6-8BFE-3108E24E4777}.Ad-Hoc|iPhone.ActiveCfg = Debug|Any CPU
		{7934B1EA-A853-4BF6-8BFE-3108E24E4777}.Ad-Hoc|iPhone.Build.0 = Debug|Any CPU
		{7934B1EA-A853-4BF6-8BFE-3108E24E4777}.Ad-Hoc|iPhoneSimulator.ActiveCfg = Debug|Any CPU
		{7934B1EA-A853-4BF6-8BFE-3108E24E4777}.Ad-Hoc|iPhoneSimulator.Build.0 = Debug|Any CPU
		{7934B1EA-A853-4BF6-8BFE-3108E24E4777}.Ad-Hoc|x64.ActiveCfg = Debug|Any CPU
		{7934B1EA-A853-4BF6-8BFE-3108E24E4777}.Ad-Hoc|x64.Build.0 = Debug|Any CPU
		{7934B1EA-A853-4BF6-8BFE-3108E24E4777}.Ad-Hoc|x86.ActiveCfg = Debug|Any CPU
		{7934B1EA-A853-4BF6-8BFE-3108E24E4777}.Ad-Hoc|x86.Build.0 = Debug|Any CPU
		{7934B1EA-A853-4BF6-8BFE-3108E24E4777}.AppStore|Any CPU.ActiveCfg = Debug|Any CPU
		{7934B1EA-A853-4BF6-8BFE-3108E24E4777}.AppStore|Any CPU.Build.0 = Debug|Any CPU
		{7934B1EA-A853-4BF6-8BFE-3108E24E4777}.AppStore|ARM.ActiveCfg = Debug|Any CPU
		{7934B1EA-A853-4BF6-8BFE-3108E24E4777}.AppStore|ARM.Build.0 = Debug|Any CPU
		{7934B1EA-A853-4BF6-8BFE-3108E24E4777}.AppStore|ARM64.ActiveCfg = Debug|Any CPU
		{7934B1EA-A853-4BF6-8BFE-3108E24E4777}.AppStore|ARM64.Build.0 = Debug|Any CPU
		{7934B1EA-A853-4BF6-8BFE-3108E24E4777}.AppStore|iPhone.ActiveCfg = Debug|Any CPU
		{7934B1EA-A853-4BF6-8BFE-3108E24E4777}.AppStore|iPhone.Build.0 = Debug|Any CPU
		{7934B1EA-A853-4BF6-8BFE-3108E24E4777}.AppStore|iPhoneSimulator.ActiveCfg = Debug|Any CPU
		{7934B1EA-A853-4BF6-8BFE-3108E24E4777}.AppStore|iPhoneSimulator.Build.0 = Debug|Any CPU
		{7934B1EA-A853-4BF6-8BFE-3108E24E4777}.AppStore|x64.ActiveCfg = Debug|Any CPU
		{7934B1EA-A853-4BF6-8BFE-3108E24E4777}.AppStore|x64.Build.0 = Debug|Any CPU
		{7934B1EA-A853-4BF6-8BFE-3108E24E4777}.AppStore|x86.ActiveCfg = Debug|Any CPU
		{7934B1EA-A853-4BF6-8BFE-3108E24E4777}.AppStore|x86.Build.0 = Debug|Any CPU
		{7934B1EA-A853-4BF6-8BFE-3108E24E4777}.Debug|Any CPU.ActiveCfg = Debug|Any CPU
		{7934B1EA-A853-4BF6-8BFE-3108E24E4777}.Debug|Any CPU.Build.0 = Debug|Any CPU
		{7934B1EA-A853-4BF6-8BFE-3108E24E4777}.Debug|ARM.ActiveCfg = Debug|Any CPU
		{7934B1EA-A853-4BF6-8BFE-3108E24E4777}.Debug|ARM.Build.0 = Debug|Any CPU
		{7934B1EA-A853-4BF6-8BFE-3108E24E4777}.Debug|ARM64.ActiveCfg = Debug|Any CPU
		{7934B1EA-A853-4BF6-8BFE-3108E24E4777}.Debug|ARM64.Build.0 = Debug|Any CPU
		{7934B1EA-A853-4BF6-8BFE-3108E24E4777}.Debug|iPhone.ActiveCfg = Debug|Any CPU
		{7934B1EA-A853-4BF6-8BFE-3108E24E4777}.Debug|iPhone.Build.0 = Debug|Any CPU
		{7934B1EA-A853-4BF6-8BFE-3108E24E4777}.Debug|iPhoneSimulator.ActiveCfg = Debug|Any CPU
		{7934B1EA-A853-4BF6-8BFE-3108E24E4777}.Debug|iPhoneSimulator.Build.0 = Debug|Any CPU
		{7934B1EA-A853-4BF6-8BFE-3108E24E4777}.Debug|x64.ActiveCfg = Debug|Any CPU
		{7934B1EA-A853-4BF6-8BFE-3108E24E4777}.Debug|x64.Build.0 = Debug|Any CPU
		{7934B1EA-A853-4BF6-8BFE-3108E24E4777}.Debug|x86.ActiveCfg = Debug|Any CPU
		{7934B1EA-A853-4BF6-8BFE-3108E24E4777}.Debug|x86.Build.0 = Debug|Any CPU
		{7934B1EA-A853-4BF6-8BFE-3108E24E4777}.Release|Any CPU.ActiveCfg = Release|Any CPU
		{7934B1EA-A853-4BF6-8BFE-3108E24E4777}.Release|Any CPU.Build.0 = Release|Any CPU
		{7934B1EA-A853-4BF6-8BFE-3108E24E4777}.Release|ARM.ActiveCfg = Release|Any CPU
		{7934B1EA-A853-4BF6-8BFE-3108E24E4777}.Release|ARM.Build.0 = Release|Any CPU
		{7934B1EA-A853-4BF6-8BFE-3108E24E4777}.Release|ARM64.ActiveCfg = Release|Any CPU
		{7934B1EA-A853-4BF6-8BFE-3108E24E4777}.Release|ARM64.Build.0 = Release|Any CPU
		{7934B1EA-A853-4BF6-8BFE-3108E24E4777}.Release|iPhone.ActiveCfg = Release|Any CPU
		{7934B1EA-A853-4BF6-8BFE-3108E24E4777}.Release|iPhone.Build.0 = Release|Any CPU
		{7934B1EA-A853-4BF6-8BFE-3108E24E4777}.Release|iPhoneSimulator.ActiveCfg = Release|Any CPU
		{7934B1EA-A853-4BF6-8BFE-3108E24E4777}.Release|iPhoneSimulator.Build.0 = Release|Any CPU
		{7934B1EA-A853-4BF6-8BFE-3108E24E4777}.Release|x64.ActiveCfg = Release|Any CPU
		{7934B1EA-A853-4BF6-8BFE-3108E24E4777}.Release|x64.Build.0 = Release|Any CPU
		{7934B1EA-A853-4BF6-8BFE-3108E24E4777}.Release|x86.ActiveCfg = Release|Any CPU
		{7934B1EA-A853-4BF6-8BFE-3108E24E4777}.Release|x86.Build.0 = Release|Any CPU
		{CBD58198-3C51-4660-BA03-026A73872AD7}.Ad-Hoc|Any CPU.ActiveCfg = Debug|Any CPU
		{CBD58198-3C51-4660-BA03-026A73872AD7}.Ad-Hoc|Any CPU.Build.0 = Debug|Any CPU
		{CBD58198-3C51-4660-BA03-026A73872AD7}.Ad-Hoc|Any CPU.Deploy.0 = Debug|Any CPU
		{CBD58198-3C51-4660-BA03-026A73872AD7}.Ad-Hoc|ARM.ActiveCfg = Debug|Any CPU
		{CBD58198-3C51-4660-BA03-026A73872AD7}.Ad-Hoc|ARM.Build.0 = Debug|Any CPU
		{CBD58198-3C51-4660-BA03-026A73872AD7}.Ad-Hoc|ARM.Deploy.0 = Debug|Any CPU
		{CBD58198-3C51-4660-BA03-026A73872AD7}.Ad-Hoc|ARM64.ActiveCfg = Debug|Any CPU
		{CBD58198-3C51-4660-BA03-026A73872AD7}.Ad-Hoc|ARM64.Build.0 = Debug|Any CPU
		{CBD58198-3C51-4660-BA03-026A73872AD7}.Ad-Hoc|ARM64.Deploy.0 = Debug|Any CPU
		{CBD58198-3C51-4660-BA03-026A73872AD7}.Ad-Hoc|iPhone.ActiveCfg = Debug|Any CPU
		{CBD58198-3C51-4660-BA03-026A73872AD7}.Ad-Hoc|iPhone.Build.0 = Debug|Any CPU
		{CBD58198-3C51-4660-BA03-026A73872AD7}.Ad-Hoc|iPhone.Deploy.0 = Debug|Any CPU
		{CBD58198-3C51-4660-BA03-026A73872AD7}.Ad-Hoc|iPhoneSimulator.ActiveCfg = Debug|Any CPU
		{CBD58198-3C51-4660-BA03-026A73872AD7}.Ad-Hoc|iPhoneSimulator.Build.0 = Debug|Any CPU
		{CBD58198-3C51-4660-BA03-026A73872AD7}.Ad-Hoc|iPhoneSimulator.Deploy.0 = Debug|Any CPU
		{CBD58198-3C51-4660-BA03-026A73872AD7}.Ad-Hoc|x64.ActiveCfg = Debug|Any CPU
		{CBD58198-3C51-4660-BA03-026A73872AD7}.Ad-Hoc|x64.Build.0 = Debug|Any CPU
		{CBD58198-3C51-4660-BA03-026A73872AD7}.Ad-Hoc|x64.Deploy.0 = Debug|Any CPU
		{CBD58198-3C51-4660-BA03-026A73872AD7}.Ad-Hoc|x86.ActiveCfg = Debug|Any CPU
		{CBD58198-3C51-4660-BA03-026A73872AD7}.Ad-Hoc|x86.Build.0 = Debug|Any CPU
		{CBD58198-3C51-4660-BA03-026A73872AD7}.Ad-Hoc|x86.Deploy.0 = Debug|Any CPU
		{CBD58198-3C51-4660-BA03-026A73872AD7}.AppStore|Any CPU.ActiveCfg = Debug|Any CPU
		{CBD58198-3C51-4660-BA03-026A73872AD7}.AppStore|Any CPU.Build.0 = Debug|Any CPU
		{CBD58198-3C51-4660-BA03-026A73872AD7}.AppStore|Any CPU.Deploy.0 = Debug|Any CPU
		{CBD58198-3C51-4660-BA03-026A73872AD7}.AppStore|ARM.ActiveCfg = Debug|Any CPU
		{CBD58198-3C51-4660-BA03-026A73872AD7}.AppStore|ARM.Build.0 = Debug|Any CPU
		{CBD58198-3C51-4660-BA03-026A73872AD7}.AppStore|ARM.Deploy.0 = Debug|Any CPU
		{CBD58198-3C51-4660-BA03-026A73872AD7}.AppStore|ARM64.ActiveCfg = Debug|Any CPU
		{CBD58198-3C51-4660-BA03-026A73872AD7}.AppStore|ARM64.Build.0 = Debug|Any CPU
		{CBD58198-3C51-4660-BA03-026A73872AD7}.AppStore|ARM64.Deploy.0 = Debug|Any CPU
		{CBD58198-3C51-4660-BA03-026A73872AD7}.AppStore|iPhone.ActiveCfg = Debug|Any CPU
		{CBD58198-3C51-4660-BA03-026A73872AD7}.AppStore|iPhone.Build.0 = Debug|Any CPU
		{CBD58198-3C51-4660-BA03-026A73872AD7}.AppStore|iPhone.Deploy.0 = Debug|Any CPU
		{CBD58198-3C51-4660-BA03-026A73872AD7}.AppStore|iPhoneSimulator.ActiveCfg = Debug|Any CPU
		{CBD58198-3C51-4660-BA03-026A73872AD7}.AppStore|iPhoneSimulator.Build.0 = Debug|Any CPU
		{CBD58198-3C51-4660-BA03-026A73872AD7}.AppStore|iPhoneSimulator.Deploy.0 = Debug|Any CPU
		{CBD58198-3C51-4660-BA03-026A73872AD7}.AppStore|x64.ActiveCfg = Debug|Any CPU
		{CBD58198-3C51-4660-BA03-026A73872AD7}.AppStore|x64.Build.0 = Debug|Any CPU
		{CBD58198-3C51-4660-BA03-026A73872AD7}.AppStore|x64.Deploy.0 = Debug|Any CPU
		{CBD58198-3C51-4660-BA03-026A73872AD7}.AppStore|x86.ActiveCfg = Debug|Any CPU
		{CBD58198-3C51-4660-BA03-026A73872AD7}.AppStore|x86.Build.0 = Debug|Any CPU
		{CBD58198-3C51-4660-BA03-026A73872AD7}.AppStore|x86.Deploy.0 = Debug|Any CPU
		{CBD58198-3C51-4660-BA03-026A73872AD7}.Debug|Any CPU.ActiveCfg = Debug|Any CPU
		{CBD58198-3C51-4660-BA03-026A73872AD7}.Debug|Any CPU.Build.0 = Debug|Any CPU
		{CBD58198-3C51-4660-BA03-026A73872AD7}.Debug|Any CPU.Deploy.0 = Debug|Any CPU
		{CBD58198-3C51-4660-BA03-026A73872AD7}.Debug|ARM.ActiveCfg = Debug|Any CPU
		{CBD58198-3C51-4660-BA03-026A73872AD7}.Debug|ARM.Build.0 = Debug|Any CPU
		{CBD58198-3C51-4660-BA03-026A73872AD7}.Debug|ARM.Deploy.0 = Debug|Any CPU
		{CBD58198-3C51-4660-BA03-026A73872AD7}.Debug|ARM64.ActiveCfg = Debug|Any CPU
		{CBD58198-3C51-4660-BA03-026A73872AD7}.Debug|ARM64.Build.0 = Debug|Any CPU
		{CBD58198-3C51-4660-BA03-026A73872AD7}.Debug|ARM64.Deploy.0 = Debug|Any CPU
		{CBD58198-3C51-4660-BA03-026A73872AD7}.Debug|iPhone.ActiveCfg = Debug|Any CPU
		{CBD58198-3C51-4660-BA03-026A73872AD7}.Debug|iPhone.Build.0 = Debug|Any CPU
		{CBD58198-3C51-4660-BA03-026A73872AD7}.Debug|iPhone.Deploy.0 = Debug|Any CPU
		{CBD58198-3C51-4660-BA03-026A73872AD7}.Debug|iPhoneSimulator.ActiveCfg = Debug|Any CPU
		{CBD58198-3C51-4660-BA03-026A73872AD7}.Debug|iPhoneSimulator.Build.0 = Debug|Any CPU
		{CBD58198-3C51-4660-BA03-026A73872AD7}.Debug|iPhoneSimulator.Deploy.0 = Debug|Any CPU
		{CBD58198-3C51-4660-BA03-026A73872AD7}.Debug|x64.ActiveCfg = Debug|Any CPU
		{CBD58198-3C51-4660-BA03-026A73872AD7}.Debug|x64.Build.0 = Debug|Any CPU
		{CBD58198-3C51-4660-BA03-026A73872AD7}.Debug|x64.Deploy.0 = Debug|Any CPU
		{CBD58198-3C51-4660-BA03-026A73872AD7}.Debug|x86.ActiveCfg = Debug|Any CPU
		{CBD58198-3C51-4660-BA03-026A73872AD7}.Debug|x86.Build.0 = Debug|Any CPU
		{CBD58198-3C51-4660-BA03-026A73872AD7}.Debug|x86.Deploy.0 = Debug|Any CPU
		{CBD58198-3C51-4660-BA03-026A73872AD7}.Release|Any CPU.ActiveCfg = Release|Any CPU
		{CBD58198-3C51-4660-BA03-026A73872AD7}.Release|Any CPU.Build.0 = Release|Any CPU
		{CBD58198-3C51-4660-BA03-026A73872AD7}.Release|Any CPU.Deploy.0 = Release|Any CPU
		{CBD58198-3C51-4660-BA03-026A73872AD7}.Release|ARM.ActiveCfg = Release|Any CPU
		{CBD58198-3C51-4660-BA03-026A73872AD7}.Release|ARM.Build.0 = Release|Any CPU
		{CBD58198-3C51-4660-BA03-026A73872AD7}.Release|ARM.Deploy.0 = Release|Any CPU
		{CBD58198-3C51-4660-BA03-026A73872AD7}.Release|ARM64.ActiveCfg = Release|Any CPU
		{CBD58198-3C51-4660-BA03-026A73872AD7}.Release|ARM64.Build.0 = Release|Any CPU
		{CBD58198-3C51-4660-BA03-026A73872AD7}.Release|ARM64.Deploy.0 = Release|Any CPU
		{CBD58198-3C51-4660-BA03-026A73872AD7}.Release|iPhone.ActiveCfg = Release|Any CPU
		{CBD58198-3C51-4660-BA03-026A73872AD7}.Release|iPhone.Build.0 = Release|Any CPU
		{CBD58198-3C51-4660-BA03-026A73872AD7}.Release|iPhone.Deploy.0 = Release|Any CPU
		{CBD58198-3C51-4660-BA03-026A73872AD7}.Release|iPhoneSimulator.ActiveCfg = Release|Any CPU
		{CBD58198-3C51-4660-BA03-026A73872AD7}.Release|iPhoneSimulator.Build.0 = Release|Any CPU
		{CBD58198-3C51-4660-BA03-026A73872AD7}.Release|iPhoneSimulator.Deploy.0 = Release|Any CPU
		{CBD58198-3C51-4660-BA03-026A73872AD7}.Release|x64.ActiveCfg = Release|Any CPU
		{CBD58198-3C51-4660-BA03-026A73872AD7}.Release|x64.Build.0 = Release|Any CPU
		{CBD58198-3C51-4660-BA03-026A73872AD7}.Release|x64.Deploy.0 = Release|Any CPU
		{CBD58198-3C51-4660-BA03-026A73872AD7}.Release|x86.ActiveCfg = Release|Any CPU
		{CBD58198-3C51-4660-BA03-026A73872AD7}.Release|x86.Build.0 = Release|Any CPU
		{CBD58198-3C51-4660-BA03-026A73872AD7}.Release|x86.Deploy.0 = Release|Any CPU
		{D0C01B46-A5DD-4A56-8B66-86463DF02C0D}.Ad-Hoc|Any CPU.ActiveCfg = Debug|Any CPU
		{D0C01B46-A5DD-4A56-8B66-86463DF02C0D}.Ad-Hoc|Any CPU.Build.0 = Debug|Any CPU
		{D0C01B46-A5DD-4A56-8B66-86463DF02C0D}.Ad-Hoc|ARM.ActiveCfg = Debug|Any CPU
		{D0C01B46-A5DD-4A56-8B66-86463DF02C0D}.Ad-Hoc|ARM.Build.0 = Debug|Any CPU
		{D0C01B46-A5DD-4A56-8B66-86463DF02C0D}.Ad-Hoc|ARM64.ActiveCfg = Debug|Any CPU
		{D0C01B46-A5DD-4A56-8B66-86463DF02C0D}.Ad-Hoc|ARM64.Build.0 = Debug|Any CPU
		{D0C01B46-A5DD-4A56-8B66-86463DF02C0D}.Ad-Hoc|iPhone.ActiveCfg = Debug|Any CPU
		{D0C01B46-A5DD-4A56-8B66-86463DF02C0D}.Ad-Hoc|iPhone.Build.0 = Debug|Any CPU
		{D0C01B46-A5DD-4A56-8B66-86463DF02C0D}.Ad-Hoc|iPhoneSimulator.ActiveCfg = Debug|Any CPU
		{D0C01B46-A5DD-4A56-8B66-86463DF02C0D}.Ad-Hoc|iPhoneSimulator.Build.0 = Debug|Any CPU
		{D0C01B46-A5DD-4A56-8B66-86463DF02C0D}.Ad-Hoc|x64.ActiveCfg = Debug|Any CPU
		{D0C01B46-A5DD-4A56-8B66-86463DF02C0D}.Ad-Hoc|x64.Build.0 = Debug|Any CPU
		{D0C01B46-A5DD-4A56-8B66-86463DF02C0D}.Ad-Hoc|x86.ActiveCfg = Debug|Any CPU
		{D0C01B46-A5DD-4A56-8B66-86463DF02C0D}.Ad-Hoc|x86.Build.0 = Debug|Any CPU
		{D0C01B46-A5DD-4A56-8B66-86463DF02C0D}.AppStore|Any CPU.ActiveCfg = Debug|Any CPU
		{D0C01B46-A5DD-4A56-8B66-86463DF02C0D}.AppStore|Any CPU.Build.0 = Debug|Any CPU
		{D0C01B46-A5DD-4A56-8B66-86463DF02C0D}.AppStore|ARM.ActiveCfg = Debug|Any CPU
		{D0C01B46-A5DD-4A56-8B66-86463DF02C0D}.AppStore|ARM.Build.0 = Debug|Any CPU
		{D0C01B46-A5DD-4A56-8B66-86463DF02C0D}.AppStore|ARM64.ActiveCfg = Debug|Any CPU
		{D0C01B46-A5DD-4A56-8B66-86463DF02C0D}.AppStore|ARM64.Build.0 = Debug|Any CPU
		{D0C01B46-A5DD-4A56-8B66-86463DF02C0D}.AppStore|iPhone.ActiveCfg = Debug|Any CPU
		{D0C01B46-A5DD-4A56-8B66-86463DF02C0D}.AppStore|iPhone.Build.0 = Debug|Any CPU
		{D0C01B46-A5DD-4A56-8B66-86463DF02C0D}.AppStore|iPhoneSimulator.ActiveCfg = Debug|Any CPU
		{D0C01B46-A5DD-4A56-8B66-86463DF02C0D}.AppStore|iPhoneSimulator.Build.0 = Debug|Any CPU
		{D0C01B46-A5DD-4A56-8B66-86463DF02C0D}.AppStore|x64.ActiveCfg = Debug|Any CPU
		{D0C01B46-A5DD-4A56-8B66-86463DF02C0D}.AppStore|x64.Build.0 = Debug|Any CPU
		{D0C01B46-A5DD-4A56-8B66-86463DF02C0D}.AppStore|x86.ActiveCfg = Debug|Any CPU
		{D0C01B46-A5DD-4A56-8B66-86463DF02C0D}.AppStore|x86.Build.0 = Debug|Any CPU
		{D0C01B46-A5DD-4A56-8B66-86463DF02C0D}.Debug|Any CPU.ActiveCfg = Debug|Any CPU
		{D0C01B46-A5DD-4A56-8B66-86463DF02C0D}.Debug|Any CPU.Build.0 = Debug|Any CPU
		{D0C01B46-A5DD-4A56-8B66-86463DF02C0D}.Debug|ARM.ActiveCfg = Debug|Any CPU
		{D0C01B46-A5DD-4A56-8B66-86463DF02C0D}.Debug|ARM.Build.0 = Debug|Any CPU
		{D0C01B46-A5DD-4A56-8B66-86463DF02C0D}.Debug|ARM64.ActiveCfg = Debug|Any CPU
		{D0C01B46-A5DD-4A56-8B66-86463DF02C0D}.Debug|ARM64.Build.0 = Debug|Any CPU
		{D0C01B46-A5DD-4A56-8B66-86463DF02C0D}.Debug|iPhone.ActiveCfg = Debug|Any CPU
		{D0C01B46-A5DD-4A56-8B66-86463DF02C0D}.Debug|iPhone.Build.0 = Debug|Any CPU
		{D0C01B46-A5DD-4A56-8B66-86463DF02C0D}.Debug|iPhoneSimulator.ActiveCfg = Debug|Any CPU
		{D0C01B46-A5DD-4A56-8B66-86463DF02C0D}.Debug|iPhoneSimulator.Build.0 = Debug|Any CPU
		{D0C01B46-A5DD-4A56-8B66-86463DF02C0D}.Debug|x64.ActiveCfg = Debug|Any CPU
		{D0C01B46-A5DD-4A56-8B66-86463DF02C0D}.Debug|x64.Build.0 = Debug|Any CPU
		{D0C01B46-A5DD-4A56-8B66-86463DF02C0D}.Debug|x86.ActiveCfg = Debug|Any CPU
		{D0C01B46-A5DD-4A56-8B66-86463DF02C0D}.Debug|x86.Build.0 = Debug|Any CPU
		{D0C01B46-A5DD-4A56-8B66-86463DF02C0D}.Release|Any CPU.ActiveCfg = Release|Any CPU
		{D0C01B46-A5DD-4A56-8B66-86463DF02C0D}.Release|Any CPU.Build.0 = Release|Any CPU
		{D0C01B46-A5DD-4A56-8B66-86463DF02C0D}.Release|ARM.ActiveCfg = Release|Any CPU
		{D0C01B46-A5DD-4A56-8B66-86463DF02C0D}.Release|ARM.Build.0 = Release|Any CPU
		{D0C01B46-A5DD-4A56-8B66-86463DF02C0D}.Release|ARM64.ActiveCfg = Release|Any CPU
		{D0C01B46-A5DD-4A56-8B66-86463DF02C0D}.Release|ARM64.Build.0 = Release|Any CPU
		{D0C01B46-A5DD-4A56-8B66-86463DF02C0D}.Release|iPhone.ActiveCfg = Release|Any CPU
		{D0C01B46-A5DD-4A56-8B66-86463DF02C0D}.Release|iPhone.Build.0 = Release|Any CPU
		{D0C01B46-A5DD-4A56-8B66-86463DF02C0D}.Release|iPhoneSimulator.ActiveCfg = Release|Any CPU
		{D0C01B46-A5DD-4A56-8B66-86463DF02C0D}.Release|iPhoneSimulator.Build.0 = Release|Any CPU
		{D0C01B46-A5DD-4A56-8B66-86463DF02C0D}.Release|x64.ActiveCfg = Release|Any CPU
		{D0C01B46-A5DD-4A56-8B66-86463DF02C0D}.Release|x64.Build.0 = Release|Any CPU
		{D0C01B46-A5DD-4A56-8B66-86463DF02C0D}.Release|x86.ActiveCfg = Release|Any CPU
		{D0C01B46-A5DD-4A56-8B66-86463DF02C0D}.Release|x86.Build.0 = Release|Any CPU
	EndGlobalSection
	GlobalSection(SolutionProperties) = preSolution
		HideSolutionNode = FALSE
	EndGlobalSection
	GlobalSection(NestedProjects) = preSolution
		{F9ACF293-E486-4666-BF6A-9740ED726535} = {7C86F030-7955-4834-A1C5-B92F8A7FAC2D}
		{7F50E085-0BB1-46C6-ABEB-4C4564711B1C} = {7C86F030-7955-4834-A1C5-B92F8A7FAC2D}
		{51FAA4A4-74FD-4207-94B3-8BE6B2E060C2} = {7C86F030-7955-4834-A1C5-B92F8A7FAC2D}
		{645DD26F-CC33-4ACE-A563-CDBD0E0C7DC0} = {7C86F030-7955-4834-A1C5-B92F8A7FAC2D}
		{F898E7BF-7937-4788-A8EB-45C773A54FB7} = {7C86F030-7955-4834-A1C5-B92F8A7FAC2D}
		{E3E40EDB-DCB3-425C-A19E-DCE007D3063B} = {7C86F030-7955-4834-A1C5-B92F8A7FAC2D}
		{1D6E3B38-A07C-4A03-A787-CD6CE57F5BCE} = {7C86F030-7955-4834-A1C5-B92F8A7FAC2D}
		{3402675E-1E1D-4DDE-AD30-CEB640605C27} = {7C86F030-7955-4834-A1C5-B92F8A7FAC2D}
		{7934B1EA-A853-4BF6-8BFE-3108E24E4777} = {7C86F030-7955-4834-A1C5-B92F8A7FAC2D}
	EndGlobalSection
	GlobalSection(ExtensibilityGlobals) = postSolution
		SolutionGuid = {336821BA-BF10-4A41-9F86-4A990791C003}
	EndGlobalSection
	GlobalSection(SharedMSBuildProjectFiles) = preSolution
		UnoApp\UnoApp.Shared\UnoApp.Shared.projitems*{1d6e3b38-a07c-4a03-a787-cd6ce57f5bce}*SharedItemsImports = 5
		UnoApp\UnoApp.Shared\UnoApp.Shared.projitems*{3402675e-1e1d-4dde-ad30-ceb640605c27}*SharedItemsImports = 5
		UnoApp\UnoApp.Shared\UnoApp.Shared.projitems*{51faa4a4-74fd-4207-94b3-8be6b2e060c2}*SharedItemsImports = 4
		UnoApp\UnoApp.Shared\UnoApp.Shared.projitems*{6279c845-92f8-4333-ab99-3d213163593c}*SharedItemsImports = 13
		UnoApp\UnoApp.Shared\UnoApp.Shared.projitems*{645dd26f-cc33-4ace-a563-cdbd0e0c7dc0}*SharedItemsImports = 5
		UnoApp\UnoApp.Shared\UnoApp.Shared.projitems*{7934b1ea-a853-4bf6-8bfe-3108e24e4777}*SharedItemsImports = 5
		UnoApp\UnoApp.Shared\UnoApp.Shared.projitems*{7f50e085-0bb1-46c6-abeb-4c4564711b1c}*SharedItemsImports = 4
		UnoApp\UnoApp.Shared\UnoApp.Shared.projitems*{f898e7bf-7937-4788-a8eb-45c773a54fb7}*SharedItemsImports = 4
		UnoApp\UnoApp.Shared\UnoApp.Shared.projitems*{f9acf293-e486-4666-bf6a-9740ed726535}*SharedItemsImports = 4
	EndGlobalSection
EndGlobal
